
Microsoft Visual Studio Solution File, Format Version 12.00
# Visual Studio 14
VisualStudioVersion = 14.0.25123.0
MinimumVisualStudioVersion = 10.0.40219.1
Project("{262852C6-CD72-467D-83FE-5EEB1973A190}") = "TableMassProcessorMobile", "TableMassProcessorMobile\TableMassProcessorMobile.jsproj", "{6D6DB9D6-E4F1-4E9B-9EB2-13771C42A914}"
EndProject
Project("{FAE04EC0-301F-11D3-BF4B-00C04F79EFBC}") = "TableProcessor", "TableProcessor\TableProcessor.csproj", "{F74C9CE2-5D3E-4AE0-A6FC-8D79F5B40546}"
EndProject
Project("{FAE04EC0-301F-11D3-BF4B-00C04F79EFBC}") = "TableMassProcessorWinApp", "TableProcessorApp\TableMassProcessorWinApp.csproj", "{3E116AD4-8EFE-4344-BAA4-A900F511A679}"
EndProject
Project("{FAE04EC0-301F-11D3-BF4B-00C04F79EFBC}") = "TableMassProcessorService", "TableProcessorService\TableMassProcessorService.csproj", "{0624368F-E7C5-4DA0-B572-2A51DFE5B700}"
EndProject
Project("{FAE04EC0-301F-11D3-BF4B-00C04F79EFBC}") = "TableMassProcessorWebApp", "TableProcessorWebApp\TableMassProcessorWebApp.csproj", "{00233D4A-10DE-4F14-ACDA-3C713BB20BD9}"
EndProject
Project("{2150E333-8FDC-42A3-9474-1A3956D46DE8}") = "DatabaseAdapters", "DatabaseAdapters", "{078EE768-C5E7-4228-B6DE-47AB8668F131}"
EndProject
Project("{2150E333-8FDC-42A3-9474-1A3956D46DE8}") = "Processors", "Processors", "{EA2F9500-F1AF-48AA-B596-80AC7220CB75}"
EndProject
Project("{FAE04EC0-301F-11D3-BF4B-00C04F79EFBC}") = "DatabaseAdapter", "DatabaseAdapters\DatabaseAdapter\DatabaseAdapter.csproj", "{3CFC8A38-C190-4CD1-B421-F2933D5A9E17}"
EndProject
Project("{FAE04EC0-301F-11D3-BF4B-00C04F79EFBC}") = "DatabaseAdapterFactory", "DatabaseAdapters\DatabaseAdapterFactory\DatabaseAdapterFactory.csproj", "{E9B66F6F-39F0-4E1C-8880-7EEE65994CCD}"
EndProject
Project("{FAE04EC0-301F-11D3-BF4B-00C04F79EFBC}") = "DBFDatabaseAdapter", "DatabaseAdapters\DBFDatabaseAdapter\DBFDatabaseAdapter.csproj", "{B9561490-D977-4C76-96E4-55E37A76E416}"
EndProject
Project("{FAE04EC0-301F-11D3-BF4B-00C04F79EFBC}") = "EnricoCalendarAdapter", "DatabaseAdapters\EnricoCalendarAdapter\EnricoCalendarAdapter.csproj", "{873772E6-C00B-4AD8-8961-8BFFAE6BC81C}"
EndProject
Project("{FAE04EC0-301F-11D3-BF4B-00C04F79EFBC}") = "ExcelInterop", "DatabaseAdapters\ExcelOutput\ExcelInterop.csproj", "{559BD085-DAF1-4EBA-A1B4-C8B4AA4EB269}"
EndProject
Project("{FAE04EC0-301F-11D3-BF4B-00C04F79EFBC}") = "ReportingServicesEPostOutput", "DatabaseAdapters\ReportOutput\ReportingServicesEPostOutput.csproj", "{79806BCF-BE2B-4261-B3F0-410F0BF25641}"
EndProject
Project("{FAE04EC0-301F-11D3-BF4B-00C04F79EFBC}") = "XLSDatabaseAdapter", "DatabaseAdapters\XLSDataAdapter\XLSDatabaseAdapter.csproj", "{570C4E73-AC87-4382-917C-8E044F272211}"
EndProject
Project("{FAE04EC0-301F-11D3-BF4B-00C04F79EFBC}") = "XLSXDatabaseAdapter", "DatabaseAdapters\XLSXDatabaseAdapter\XLSXDatabaseAdapter.csproj", "{9B04E1CE-EFB0-45DA-8EF4-0DC0AD309779}"
EndProject
Project("{FAE04EC0-301F-11D3-BF4B-00C04F79EFBC}") = "CharectersConverter", "Processors\CharectersConverter\CharectersConverter.csproj", "{4BE32884-34D7-4F4E-8D6A-8CA091F65985}"
EndProject
Project("{FAE04EC0-301F-11D3-BF4B-00C04F79EFBC}") = "GroupCounter", "Processors\GroupCounter\GroupCounter.csproj", "{46FE6DA4-0718-43D7-B3E1-1B4903788B85}"
EndProject
Project("{FAE04EC0-301F-11D3-BF4B-00C04F79EFBC}") = "ImportCalendars", "Processors\ImportCalendars\ImportCalendars.csproj", "{30FA0D95-5CC1-4425-B018-2D5E7AEFEE79}"
EndProject
Project("{FAE04EC0-301F-11D3-BF4B-00C04F79EFBC}") = "RecordProcessor", "Processors\RecordProcessor\RecordProcessor.csproj", "{FB335F6E-24BC-44E1-9FAD-66DCA369BB29}"
EndProject
Project("{FAE04EC0-301F-11D3-BF4B-00C04F79EFBC}") = "RussianpostSendingsStatus", "Processors\RussianpostSendingsStatus\RussianpostSendingsStatus.csproj", "{39603101-87BE-4A9F-BE2B-5A54E13A4FF5}"
EndProject
Project("{FAE04EC0-301F-11D3-BF4B-00C04F79EFBC}") = "SmartGroup", "Processors\SmartGroup\SmartGroup.csproj", "{B640C449-1EC7-4E87-88C9-90CE294EA3C5}"
EndProject
Project("{2150E333-8FDC-42A3-9474-1A3956D46DE8}") = "Libraries", "Libraries", "{8EB36ED5-9AD0-4C4D-9BE3-E79CA76B2417}"
EndProject
Project("{FAE04EC0-301F-11D3-BF4B-00C04F79EFBC}") = "Progress", "Libraries\Progress\Progress.csproj", "{BB938F25-4B88-48D4-A8A3-F7DDEFC3F550}"
EndProject
Global
	GlobalSection(SolutionConfigurationPlatforms) = preSolution
		Debug|Android = Debug|Android
		Debug|Any CPU = Debug|Any CPU
		Debug|iOS = Debug|iOS
		Debug|Windows Phone (Universal) = Debug|Windows Phone (Universal)
		Debug|Windows Phone 8 = Debug|Windows Phone 8
		Debug|Windows-AnyCPU = Debug|Windows-AnyCPU
		Debug|Windows-ARM = Debug|Windows-ARM
		Debug|Windows-x64 = Debug|Windows-x64
		Debug|Windows-x86 = Debug|Windows-x86
		Debug|x86 = Debug|x86
		Release|Android = Release|Android
		Release|Any CPU = Release|Any CPU
		Release|iOS = Release|iOS
		Release|Windows Phone (Universal) = Release|Windows Phone (Universal)
		Release|Windows Phone 8 = Release|Windows Phone 8
		Release|Windows-AnyCPU = Release|Windows-AnyCPU
		Release|Windows-ARM = Release|Windows-ARM
		Release|Windows-x64 = Release|Windows-x64
		Release|Windows-x86 = Release|Windows-x86
		Release|x86 = Release|x86
	EndGlobalSection
	GlobalSection(ProjectConfigurationPlatforms) = postSolution
		{6D6DB9D6-E4F1-4E9B-9EB2-13771C42A914}.Debug|Android.ActiveCfg = Debug|Android
		{6D6DB9D6-E4F1-4E9B-9EB2-13771C42A914}.Debug|Android.Build.0 = Debug|Android
		{6D6DB9D6-E4F1-4E9B-9EB2-13771C42A914}.Debug|Android.Deploy.0 = Debug|Android
		{6D6DB9D6-E4F1-4E9B-9EB2-13771C42A914}.Debug|Any CPU.ActiveCfg = Debug|Android
		{6D6DB9D6-E4F1-4E9B-9EB2-13771C42A914}.Debug|iOS.ActiveCfg = Debug|iOS
		{6D6DB9D6-E4F1-4E9B-9EB2-13771C42A914}.Debug|iOS.Build.0 = Debug|iOS
		{6D6DB9D6-E4F1-4E9B-9EB2-13771C42A914}.Debug|iOS.Deploy.0 = Debug|iOS
		{6D6DB9D6-E4F1-4E9B-9EB2-13771C42A914}.Debug|Windows Phone (Universal).ActiveCfg = Debug|Windows Phone (Universal)
		{6D6DB9D6-E4F1-4E9B-9EB2-13771C42A914}.Debug|Windows Phone (Universal).Build.0 = Debug|Windows Phone (Universal)
		{6D6DB9D6-E4F1-4E9B-9EB2-13771C42A914}.Debug|Windows Phone (Universal).Deploy.0 = Debug|Windows Phone (Universal)
		{6D6DB9D6-E4F1-4E9B-9EB2-13771C42A914}.Debug|Windows Phone 8.ActiveCfg = Debug|Windows Phone 8
		{6D6DB9D6-E4F1-4E9B-9EB2-13771C42A914}.Debug|Windows Phone 8.Build.0 = Debug|Windows Phone 8
		{6D6DB9D6-E4F1-4E9B-9EB2-13771C42A914}.Debug|Windows Phone 8.Deploy.0 = Debug|Windows Phone 8
		{6D6DB9D6-E4F1-4E9B-9EB2-13771C42A914}.Debug|Windows-AnyCPU.ActiveCfg = Debug|Windows-AnyCPU
		{6D6DB9D6-E4F1-4E9B-9EB2-13771C42A914}.Debug|Windows-AnyCPU.Build.0 = Debug|Windows-AnyCPU
		{6D6DB9D6-E4F1-4E9B-9EB2-13771C42A914}.Debug|Windows-AnyCPU.Deploy.0 = Debug|Windows-AnyCPU
		{6D6DB9D6-E4F1-4E9B-9EB2-13771C42A914}.Debug|Windows-ARM.ActiveCfg = Debug|Windows-ARM
		{6D6DB9D6-E4F1-4E9B-9EB2-13771C42A914}.Debug|Windows-ARM.Build.0 = Debug|Windows-ARM
		{6D6DB9D6-E4F1-4E9B-9EB2-13771C42A914}.Debug|Windows-ARM.Deploy.0 = Debug|Windows-ARM
		{6D6DB9D6-E4F1-4E9B-9EB2-13771C42A914}.Debug|Windows-x64.ActiveCfg = Debug|Windows-x64
		{6D6DB9D6-E4F1-4E9B-9EB2-13771C42A914}.Debug|Windows-x64.Build.0 = Debug|Windows-x64
		{6D6DB9D6-E4F1-4E9B-9EB2-13771C42A914}.Debug|Windows-x64.Deploy.0 = Debug|Windows-x64
		{6D6DB9D6-E4F1-4E9B-9EB2-13771C42A914}.Debug|Windows-x86.ActiveCfg = Debug|Windows-x86
		{6D6DB9D6-E4F1-4E9B-9EB2-13771C42A914}.Debug|Windows-x86.Build.0 = Debug|Windows-x86
		{6D6DB9D6-E4F1-4E9B-9EB2-13771C42A914}.Debug|Windows-x86.Deploy.0 = Debug|Windows-x86
		{6D6DB9D6-E4F1-4E9B-9EB2-13771C42A914}.Debug|x86.ActiveCfg = Debug|Windows-x86
		{6D6DB9D6-E4F1-4E9B-9EB2-13771C42A914}.Release|Android.ActiveCfg = Release|Android
		{6D6DB9D6-E4F1-4E9B-9EB2-13771C42A914}.Release|Android.Build.0 = Release|Android
		{6D6DB9D6-E4F1-4E9B-9EB2-13771C42A914}.Release|Android.Deploy.0 = Release|Android
		{6D6DB9D6-E4F1-4E9B-9EB2-13771C42A914}.Release|Any CPU.ActiveCfg = Release|Android
		{6D6DB9D6-E4F1-4E9B-9EB2-13771C42A914}.Release|iOS.ActiveCfg = Release|iOS
		{6D6DB9D6-E4F1-4E9B-9EB2-13771C42A914}.Release|iOS.Build.0 = Release|iOS
		{6D6DB9D6-E4F1-4E9B-9EB2-13771C42A914}.Release|iOS.Deploy.0 = Release|iOS
		{6D6DB9D6-E4F1-4E9B-9EB2-13771C42A914}.Release|Windows Phone (Universal).ActiveCfg = Release|Windows Phone (Universal)
		{6D6DB9D6-E4F1-4E9B-9EB2-13771C42A914}.Release|Windows Phone (Universal).Build.0 = Release|Windows Phone (Universal)
		{6D6DB9D6-E4F1-4E9B-9EB2-13771C42A914}.Release|Windows Phone (Universal).Deploy.0 = Release|Windows Phone (Universal)
		{6D6DB9D6-E4F1-4E9B-9EB2-13771C42A914}.Release|Windows Phone 8.ActiveCfg = Release|Windows Phone 8
		{6D6DB9D6-E4F1-4E9B-9EB2-13771C42A914}.Release|Windows Phone 8.Build.0 = Release|Windows Phone 8
		{6D6DB9D6-E4F1-4E9B-9EB2-13771C42A914}.Release|Windows Phone 8.Deploy.0 = Release|Windows Phone 8
		{6D6DB9D6-E4F1-4E9B-9EB2-13771C42A914}.Release|Windows-AnyCPU.ActiveCfg = Release|Windows-AnyCPU
		{6D6DB9D6-E4F1-4E9B-9EB2-13771C42A914}.Release|Windows-AnyCPU.Build.0 = Release|Windows-AnyCPU
		{6D6DB9D6-E4F1-4E9B-9EB2-13771C42A914}.Release|Windows-AnyCPU.Deploy.0 = Release|Windows-AnyCPU
		{6D6DB9D6-E4F1-4E9B-9EB2-13771C42A914}.Release|Windows-ARM.ActiveCfg = Release|Windows-ARM
		{6D6DB9D6-E4F1-4E9B-9EB2-13771C42A914}.Release|Windows-ARM.Build.0 = Release|Windows-ARM
		{6D6DB9D6-E4F1-4E9B-9EB2-13771C42A914}.Release|Windows-ARM.Deploy.0 = Release|Windows-ARM
		{6D6DB9D6-E4F1-4E9B-9EB2-13771C42A914}.Release|Windows-x64.ActiveCfg = Release|Windows-x64
		{6D6DB9D6-E4F1-4E9B-9EB2-13771C42A914}.Release|Windows-x64.Build.0 = Release|Windows-x64
		{6D6DB9D6-E4F1-4E9B-9EB2-13771C42A914}.Release|Windows-x64.Deploy.0 = Release|Windows-x64
		{6D6DB9D6-E4F1-4E9B-9EB2-13771C42A914}.Release|Windows-x86.ActiveCfg = Release|Windows-x86
		{6D6DB9D6-E4F1-4E9B-9EB2-13771C42A914}.Release|Windows-x86.Build.0 = Release|Windows-x86
		{6D6DB9D6-E4F1-4E9B-9EB2-13771C42A914}.Release|Windows-x86.Deploy.0 = Release|Windows-x86
		{6D6DB9D6-E4F1-4E9B-9EB2-13771C42A914}.Release|x86.ActiveCfg = Release|Windows-x86
		{F74C9CE2-5D3E-4AE0-A6FC-8D79F5B40546}.Debug|Android.ActiveCfg = Debug|Any CPU
		{F74C9CE2-5D3E-4AE0-A6FC-8D79F5B40546}.Debug|Android.Build.0 = Debug|Any CPU
		{F74C9CE2-5D3E-4AE0-A6FC-8D79F5B40546}.Debug|Any CPU.ActiveCfg = Debug|Any CPU
		{F74C9CE2-5D3E-4AE0-A6FC-8D79F5B40546}.Debug|Any CPU.Build.0 = Debug|Any CPU
		{F74C9CE2-5D3E-4AE0-A6FC-8D79F5B40546}.Debug|iOS.ActiveCfg = Debug|Any CPU
		{F74C9CE2-5D3E-4AE0-A6FC-8D79F5B40546}.Debug|iOS.Build.0 = Debug|Any CPU
		{F74C9CE2-5D3E-4AE0-A6FC-8D79F5B40546}.Debug|Windows Phone (Universal).ActiveCfg = Debug|Any CPU
		{F74C9CE2-5D3E-4AE0-A6FC-8D79F5B40546}.Debug|Windows Phone (Universal).Build.0 = Debug|Any CPU
		{F74C9CE2-5D3E-4AE0-A6FC-8D79F5B40546}.Debug|Windows Phone 8.ActiveCfg = Debug|Any CPU
		{F74C9CE2-5D3E-4AE0-A6FC-8D79F5B40546}.Debug|Windows Phone 8.Build.0 = Debug|Any CPU
		{F74C9CE2-5D3E-4AE0-A6FC-8D79F5B40546}.Debug|Windows-AnyCPU.ActiveCfg = Debug|Any CPU
		{F74C9CE2-5D3E-4AE0-A6FC-8D79F5B40546}.Debug|Windows-AnyCPU.Build.0 = Debug|Any CPU
		{F74C9CE2-5D3E-4AE0-A6FC-8D79F5B40546}.Debug|Windows-ARM.ActiveCfg = Debug|Any CPU
		{F74C9CE2-5D3E-4AE0-A6FC-8D79F5B40546}.Debug|Windows-ARM.Build.0 = Debug|Any CPU
		{F74C9CE2-5D3E-4AE0-A6FC-8D79F5B40546}.Debug|Windows-x64.ActiveCfg = Debug|Any CPU
		{F74C9CE2-5D3E-4AE0-A6FC-8D79F5B40546}.Debug|Windows-x64.Build.0 = Debug|Any CPU
		{F74C9CE2-5D3E-4AE0-A6FC-8D79F5B40546}.Debug|Windows-x86.ActiveCfg = Debug|Any CPU
		{F74C9CE2-5D3E-4AE0-A6FC-8D79F5B40546}.Debug|Windows-x86.Build.0 = Debug|Any CPU
		{F74C9CE2-5D3E-4AE0-A6FC-8D79F5B40546}.Debug|x86.ActiveCfg = Debug|Any CPU
		{F74C9CE2-5D3E-4AE0-A6FC-8D79F5B40546}.Debug|x86.Build.0 = Debug|Any CPU
		{F74C9CE2-5D3E-4AE0-A6FC-8D79F5B40546}.Release|Android.ActiveCfg = Release|Any CPU
		{F74C9CE2-5D3E-4AE0-A6FC-8D79F5B40546}.Release|Android.Build.0 = Release|Any CPU
		{F74C9CE2-5D3E-4AE0-A6FC-8D79F5B40546}.Release|Any CPU.ActiveCfg = Release|Any CPU
		{F74C9CE2-5D3E-4AE0-A6FC-8D79F5B40546}.Release|Any CPU.Build.0 = Release|Any CPU
		{F74C9CE2-5D3E-4AE0-A6FC-8D79F5B40546}.Release|iOS.ActiveCfg = Release|Any CPU
		{F74C9CE2-5D3E-4AE0-A6FC-8D79F5B40546}.Release|iOS.Build.0 = Release|Any CPU
		{F74C9CE2-5D3E-4AE0-A6FC-8D79F5B40546}.Release|Windows Phone (Universal).ActiveCfg = Release|Any CPU
		{F74C9CE2-5D3E-4AE0-A6FC-8D79F5B40546}.Release|Windows Phone (Universal).Build.0 = Release|Any CPU
		{F74C9CE2-5D3E-4AE0-A6FC-8D79F5B40546}.Release|Windows Phone 8.ActiveCfg = Release|Any CPU
		{F74C9CE2-5D3E-4AE0-A6FC-8D79F5B40546}.Release|Windows Phone 8.Build.0 = Release|Any CPU
		{F74C9CE2-5D3E-4AE0-A6FC-8D79F5B40546}.Release|Windows-AnyCPU.ActiveCfg = Release|Any CPU
		{F74C9CE2-5D3E-4AE0-A6FC-8D79F5B40546}.Release|Windows-AnyCPU.Build.0 = Release|Any CPU
		{F74C9CE2-5D3E-4AE0-A6FC-8D79F5B40546}.Release|Windows-ARM.ActiveCfg = Release|Any CPU
		{F74C9CE2-5D3E-4AE0-A6FC-8D79F5B40546}.Release|Windows-ARM.Build.0 = Release|Any CPU
		{F74C9CE2-5D3E-4AE0-A6FC-8D79F5B40546}.Release|Windows-x64.ActiveCfg = Release|Any CPU
		{F74C9CE2-5D3E-4AE0-A6FC-8D79F5B40546}.Release|Windows-x64.Build.0 = Release|Any CPU
		{F74C9CE2-5D3E-4AE0-A6FC-8D79F5B40546}.Release|Windows-x86.ActiveCfg = Release|Any CPU
		{F74C9CE2-5D3E-4AE0-A6FC-8D79F5B40546}.Release|Windows-x86.Build.0 = Release|Any CPU
		{F74C9CE2-5D3E-4AE0-A6FC-8D79F5B40546}.Release|x86.ActiveCfg = Release|Any CPU
		{F74C9CE2-5D3E-4AE0-A6FC-8D79F5B40546}.Release|x86.Build.0 = Release|Any CPU
		{3E116AD4-8EFE-4344-BAA4-A900F511A679}.Debug|Android.ActiveCfg = Debug|Any CPU
		{3E116AD4-8EFE-4344-BAA4-A900F511A679}.Debug|Android.Build.0 = Debug|Any CPU
		{3E116AD4-8EFE-4344-BAA4-A900F511A679}.Debug|Any CPU.ActiveCfg = Debug|Any CPU
		{3E116AD4-8EFE-4344-BAA4-A900F511A679}.Debug|Any CPU.Build.0 = Debug|Any CPU
		{3E116AD4-8EFE-4344-BAA4-A900F511A679}.Debug|iOS.ActiveCfg = Debug|Any CPU
		{3E116AD4-8EFE-4344-BAA4-A900F511A679}.Debug|iOS.Build.0 = Debug|Any CPU
		{3E116AD4-8EFE-4344-BAA4-A900F511A679}.Debug|Windows Phone (Universal).ActiveCfg = Debug|Any CPU
		{3E116AD4-8EFE-4344-BAA4-A900F511A679}.Debug|Windows Phone (Universal).Build.0 = Debug|Any CPU
		{3E116AD4-8EFE-4344-BAA4-A900F511A679}.Debug|Windows Phone 8.ActiveCfg = Debug|Any CPU
		{3E116AD4-8EFE-4344-BAA4-A900F511A679}.Debug|Windows Phone 8.Build.0 = Debug|Any CPU
		{3E116AD4-8EFE-4344-BAA4-A900F511A679}.Debug|Windows-AnyCPU.ActiveCfg = Debug|Any CPU
		{3E116AD4-8EFE-4344-BAA4-A900F511A679}.Debug|Windows-AnyCPU.Build.0 = Debug|Any CPU
		{3E116AD4-8EFE-4344-BAA4-A900F511A679}.Debug|Windows-ARM.ActiveCfg = Debug|Any CPU
		{3E116AD4-8EFE-4344-BAA4-A900F511A679}.Debug|Windows-ARM.Build.0 = Debug|Any CPU
		{3E116AD4-8EFE-4344-BAA4-A900F511A679}.Debug|Windows-x64.ActiveCfg = Debug|Any CPU
		{3E116AD4-8EFE-4344-BAA4-A900F511A679}.Debug|Windows-x64.Build.0 = Debug|Any CPU
		{3E116AD4-8EFE-4344-BAA4-A900F511A679}.Debug|Windows-x86.ActiveCfg = Debug|Any CPU
		{3E116AD4-8EFE-4344-BAA4-A900F511A679}.Debug|Windows-x86.Build.0 = Debug|Any CPU
		{3E116AD4-8EFE-4344-BAA4-A900F511A679}.Debug|x86.ActiveCfg = Debug|Any CPU
		{3E116AD4-8EFE-4344-BAA4-A900F511A679}.Debug|x86.Build.0 = Debug|Any CPU
		{3E116AD4-8EFE-4344-BAA4-A900F511A679}.Release|Android.ActiveCfg = Release|Any CPU
		{3E116AD4-8EFE-4344-BAA4-A900F511A679}.Release|Android.Build.0 = Release|Any CPU
		{3E116AD4-8EFE-4344-BAA4-A900F511A679}.Release|Any CPU.ActiveCfg = Release|Any CPU
		{3E116AD4-8EFE-4344-BAA4-A900F511A679}.Release|Any CPU.Build.0 = Release|Any CPU
		{3E116AD4-8EFE-4344-BAA4-A900F511A679}.Release|iOS.ActiveCfg = Release|Any CPU
		{3E116AD4-8EFE-4344-BAA4-A900F511A679}.Release|iOS.Build.0 = Release|Any CPU
		{3E116AD4-8EFE-4344-BAA4-A900F511A679}.Release|Windows Phone (Universal).ActiveCfg = Release|Any CPU
		{3E116AD4-8EFE-4344-BAA4-A900F511A679}.Release|Windows Phone (Universal).Build.0 = Release|Any CPU
		{3E116AD4-8EFE-4344-BAA4-A900F511A679}.Release|Windows Phone 8.ActiveCfg = Release|Any CPU
		{3E116AD4-8EFE-4344-BAA4-A900F511A679}.Release|Windows Phone 8.Build.0 = Release|Any CPU
		{3E116AD4-8EFE-4344-BAA4-A900F511A679}.Release|Windows-AnyCPU.ActiveCfg = Release|Any CPU
		{3E116AD4-8EFE-4344-BAA4-A900F511A679}.Release|Windows-AnyCPU.Build.0 = Release|Any CPU
		{3E116AD4-8EFE-4344-BAA4-A900F511A679}.Release|Windows-ARM.ActiveCfg = Release|Any CPU
		{3E116AD4-8EFE-4344-BAA4-A900F511A679}.Release|Windows-ARM.Build.0 = Release|Any CPU
		{3E116AD4-8EFE-4344-BAA4-A900F511A679}.Release|Windows-x64.ActiveCfg = Release|Any CPU
		{3E116AD4-8EFE-4344-BAA4-A900F511A679}.Release|Windows-x64.Build.0 = Release|Any CPU
		{3E116AD4-8EFE-4344-BAA4-A900F511A679}.Release|Windows-x86.ActiveCfg = Release|Any CPU
		{3E116AD4-8EFE-4344-BAA4-A900F511A679}.Release|Windows-x86.Build.0 = Release|Any CPU
		{3E116AD4-8EFE-4344-BAA4-A900F511A679}.Release|x86.ActiveCfg = Release|Any CPU
		{3E116AD4-8EFE-4344-BAA4-A900F511A679}.Release|x86.Build.0 = Release|Any CPU
		{0624368F-E7C5-4DA0-B572-2A51DFE5B700}.Debug|Android.ActiveCfg = Debug|x86
		{0624368F-E7C5-4DA0-B572-2A51DFE5B700}.Debug|Any CPU.ActiveCfg = Debug|x86
		{0624368F-E7C5-4DA0-B572-2A51DFE5B700}.Debug|iOS.ActiveCfg = Debug|x86
		{0624368F-E7C5-4DA0-B572-2A51DFE5B700}.Debug|Windows Phone (Universal).ActiveCfg = Debug|x86
		{0624368F-E7C5-4DA0-B572-2A51DFE5B700}.Debug|Windows Phone 8.ActiveCfg = Debug|x86
		{0624368F-E7C5-4DA0-B572-2A51DFE5B700}.Debug|Windows-AnyCPU.ActiveCfg = Debug|x86
		{0624368F-E7C5-4DA0-B572-2A51DFE5B700}.Debug|Windows-ARM.ActiveCfg = Debug|x86
		{0624368F-E7C5-4DA0-B572-2A51DFE5B700}.Debug|Windows-x64.ActiveCfg = Debug|x86
		{0624368F-E7C5-4DA0-B572-2A51DFE5B700}.Debug|Windows-x86.ActiveCfg = Debug|x86
		{0624368F-E7C5-4DA0-B572-2A51DFE5B700}.Debug|x86.ActiveCfg = Debug|x86
		{0624368F-E7C5-4DA0-B572-2A51DFE5B700}.Debug|x86.Build.0 = Debug|x86
		{0624368F-E7C5-4DA0-B572-2A51DFE5B700}.Release|Android.ActiveCfg = Release|x86
		{0624368F-E7C5-4DA0-B572-2A51DFE5B700}.Release|Any CPU.ActiveCfg = Release|x86
		{0624368F-E7C5-4DA0-B572-2A51DFE5B700}.Release|iOS.ActiveCfg = Release|x86
		{0624368F-E7C5-4DA0-B572-2A51DFE5B700}.Release|Windows Phone (Universal).ActiveCfg = Release|x86
		{0624368F-E7C5-4DA0-B572-2A51DFE5B700}.Release|Windows Phone 8.ActiveCfg = Release|x86
		{0624368F-E7C5-4DA0-B572-2A51DFE5B700}.Release|Windows-AnyCPU.ActiveCfg = Release|x86
		{0624368F-E7C5-4DA0-B572-2A51DFE5B700}.Release|Windows-ARM.ActiveCfg = Release|x86
		{0624368F-E7C5-4DA0-B572-2A51DFE5B700}.Release|Windows-x64.ActiveCfg = Release|x86
		{0624368F-E7C5-4DA0-B572-2A51DFE5B700}.Release|Windows-x86.ActiveCfg = Release|x86
		{0624368F-E7C5-4DA0-B572-2A51DFE5B700}.Release|x86.ActiveCfg = Release|x86
		{0624368F-E7C5-4DA0-B572-2A51DFE5B700}.Release|x86.Build.0 = Release|x86
		{00233D4A-10DE-4F14-ACDA-3C713BB20BD9}.Debug|Android.ActiveCfg = Debug|Any CPU
		{00233D4A-10DE-4F14-ACDA-3C713BB20BD9}.Debug|Android.Build.0 = Debug|Any CPU
		{00233D4A-10DE-4F14-ACDA-3C713BB20BD9}.Debug|Any CPU.ActiveCfg = Debug|Any CPU
		{00233D4A-10DE-4F14-ACDA-3C713BB20BD9}.Debug|Any CPU.Build.0 = Debug|Any CPU
		{00233D4A-10DE-4F14-ACDA-3C713BB20BD9}.Debug|iOS.ActiveCfg = Debug|Any CPU
		{00233D4A-10DE-4F14-ACDA-3C713BB20BD9}.Debug|iOS.Build.0 = Debug|Any CPU
		{00233D4A-10DE-4F14-ACDA-3C713BB20BD9}.Debug|Windows Phone (Universal).ActiveCfg = Debug|Any CPU
		{00233D4A-10DE-4F14-ACDA-3C713BB20BD9}.Debug|Windows Phone (Universal).Build.0 = Debug|Any CPU
		{00233D4A-10DE-4F14-ACDA-3C713BB20BD9}.Debug|Windows Phone 8.ActiveCfg = Debug|Any CPU
		{00233D4A-10DE-4F14-ACDA-3C713BB20BD9}.Debug|Windows Phone 8.Build.0 = Debug|Any CPU
		{00233D4A-10DE-4F14-ACDA-3C713BB20BD9}.Debug|Windows-AnyCPU.ActiveCfg = Debug|Any CPU
		{00233D4A-10DE-4F14-ACDA-3C713BB20BD9}.Debug|Windows-AnyCPU.Build.0 = Debug|Any CPU
		{00233D4A-10DE-4F14-ACDA-3C713BB20BD9}.Debug|Windows-ARM.ActiveCfg = Debug|Any CPU
		{00233D4A-10DE-4F14-ACDA-3C713BB20BD9}.Debug|Windows-ARM.Build.0 = Debug|Any CPU
		{00233D4A-10DE-4F14-ACDA-3C713BB20BD9}.Debug|Windows-x64.ActiveCfg = Debug|Any CPU
		{00233D4A-10DE-4F14-ACDA-3C713BB20BD9}.Debug|Windows-x64.Build.0 = Debug|Any CPU
		{00233D4A-10DE-4F14-ACDA-3C713BB20BD9}.Debug|Windows-x86.ActiveCfg = Debug|Any CPU
		{00233D4A-10DE-4F14-ACDA-3C713BB20BD9}.Debug|Windows-x86.Build.0 = Debug|Any CPU
		{00233D4A-10DE-4F14-ACDA-3C713BB20BD9}.Debug|x86.ActiveCfg = Debug|Any CPU
		{00233D4A-10DE-4F14-ACDA-3C713BB20BD9}.Debug|x86.Build.0 = Debug|Any CPU
		{00233D4A-10DE-4F14-ACDA-3C713BB20BD9}.Release|Android.ActiveCfg = Release|Any CPU
		{00233D4A-10DE-4F14-ACDA-3C713BB20BD9}.Release|Android.Build.0 = Release|Any CPU
		{00233D4A-10DE-4F14-ACDA-3C713BB20BD9}.Release|Any CPU.ActiveCfg = Release|Any CPU
		{00233D4A-10DE-4F14-ACDA-3C713BB20BD9}.Release|Any CPU.Build.0 = Release|Any CPU
		{00233D4A-10DE-4F14-ACDA-3C713BB20BD9}.Release|iOS.ActiveCfg = Release|Any CPU
		{00233D4A-10DE-4F14-ACDA-3C713BB20BD9}.Release|iOS.Build.0 = Release|Any CPU
		{00233D4A-10DE-4F14-ACDA-3C713BB20BD9}.Release|Windows Phone (Universal).ActiveCfg = Release|Any CPU
		{00233D4A-10DE-4F14-ACDA-3C713BB20BD9}.Release|Windows Phone (Universal).Build.0 = Release|Any CPU
		{00233D4A-10DE-4F14-ACDA-3C713BB20BD9}.Release|Windows Phone 8.ActiveCfg = Release|Any CPU
		{00233D4A-10DE-4F14-ACDA-3C713BB20BD9}.Release|Windows Phone 8.Build.0 = Release|Any CPU
		{00233D4A-10DE-4F14-ACDA-3C713BB20BD9}.Release|Windows-AnyCPU.ActiveCfg = Release|Any CPU
		{00233D4A-10DE-4F14-ACDA-3C713BB20BD9}.Release|Windows-AnyCPU.Build.0 = Release|Any CPU
		{00233D4A-10DE-4F14-ACDA-3C713BB20BD9}.Release|Windows-ARM.ActiveCfg = Release|Any CPU
		{00233D4A-10DE-4F14-ACDA-3C713BB20BD9}.Release|Windows-ARM.Build.0 = Release|Any CPU
		{00233D4A-10DE-4F14-ACDA-3C713BB20BD9}.Release|Windows-x64.ActiveCfg = Release|Any CPU
		{00233D4A-10DE-4F14-ACDA-3C713BB20BD9}.Release|Windows-x64.Build.0 = Release|Any CPU
		{00233D4A-10DE-4F14-ACDA-3C713BB20BD9}.Release|Windows-x86.ActiveCfg = Release|Any CPU
		{00233D4A-10DE-4F14-ACDA-3C713BB20BD9}.Release|Windows-x86.Build.0 = Release|Any CPU
		{00233D4A-10DE-4F14-ACDA-3C713BB20BD9}.Release|x86.ActiveCfg = Release|Any CPU
		{00233D4A-10DE-4F14-ACDA-3C713BB20BD9}.Release|x86.Build.0 = Release|Any CPU
		{3CFC8A38-C190-4CD1-B421-F2933D5A9E17}.Debug|Android.ActiveCfg = Debug|Any CPU
		{3CFC8A38-C190-4CD1-B421-F2933D5A9E17}.Debug|Android.Build.0 = Debug|Any CPU
		{3CFC8A38-C190-4CD1-B421-F2933D5A9E17}.Debug|Any CPU.ActiveCfg = Debug|Any CPU
		{3CFC8A38-C190-4CD1-B421-F2933D5A9E17}.Debug|Any CPU.Build.0 = Debug|Any CPU
		{3CFC8A38-C190-4CD1-B421-F2933D5A9E17}.Debug|iOS.ActiveCfg = Debug|Any CPU
		{3CFC8A38-C190-4CD1-B421-F2933D5A9E17}.Debug|iOS.Build.0 = Debug|Any CPU
		{3CFC8A38-C190-4CD1-B421-F2933D5A9E17}.Debug|Windows Phone (Universal).ActiveCfg = Debug|Any CPU
		{3CFC8A38-C190-4CD1-B421-F2933D5A9E17}.Debug|Windows Phone (Universal).Build.0 = Debug|Any CPU
		{3CFC8A38-C190-4CD1-B421-F2933D5A9E17}.Debug|Windows Phone 8.ActiveCfg = Debug|Any CPU
		{3CFC8A38-C190-4CD1-B421-F2933D5A9E17}.Debug|Windows Phone 8.Build.0 = Debug|Any CPU
		{3CFC8A38-C190-4CD1-B421-F2933D5A9E17}.Debug|Windows-AnyCPU.ActiveCfg = Debug|Any CPU
		{3CFC8A38-C190-4CD1-B421-F2933D5A9E17}.Debug|Windows-AnyCPU.Build.0 = Debug|Any CPU
		{3CFC8A38-C190-4CD1-B421-F2933D5A9E17}.Debug|Windows-ARM.ActiveCfg = Debug|Any CPU
		{3CFC8A38-C190-4CD1-B421-F2933D5A9E17}.Debug|Windows-ARM.Build.0 = Debug|Any CPU
		{3CFC8A38-C190-4CD1-B421-F2933D5A9E17}.Debug|Windows-x64.ActiveCfg = Debug|Any CPU
		{3CFC8A38-C190-4CD1-B421-F2933D5A9E17}.Debug|Windows-x64.Build.0 = Debug|Any CPU
		{3CFC8A38-C190-4CD1-B421-F2933D5A9E17}.Debug|Windows-x86.ActiveCfg = Debug|Any CPU
		{3CFC8A38-C190-4CD1-B421-F2933D5A9E17}.Debug|Windows-x86.Build.0 = Debug|Any CPU
		{3CFC8A38-C190-4CD1-B421-F2933D5A9E17}.Debug|x86.ActiveCfg = Debug|Any CPU
		{3CFC8A38-C190-4CD1-B421-F2933D5A9E17}.Debug|x86.Build.0 = Debug|Any CPU
		{3CFC8A38-C190-4CD1-B421-F2933D5A9E17}.Release|Android.ActiveCfg = Release|Any CPU
		{3CFC8A38-C190-4CD1-B421-F2933D5A9E17}.Release|Android.Build.0 = Release|Any CPU
		{3CFC8A38-C190-4CD1-B421-F2933D5A9E17}.Release|Any CPU.ActiveCfg = Release|Any CPU
		{3CFC8A38-C190-4CD1-B421-F2933D5A9E17}.Release|Any CPU.Build.0 = Release|Any CPU
		{3CFC8A38-C190-4CD1-B421-F2933D5A9E17}.Release|iOS.ActiveCfg = Release|Any CPU
		{3CFC8A38-C190-4CD1-B421-F2933D5A9E17}.Release|iOS.Build.0 = Release|Any CPU
		{3CFC8A38-C190-4CD1-B421-F2933D5A9E17}.Release|Windows Phone (Universal).ActiveCfg = Release|Any CPU
		{3CFC8A38-C190-4CD1-B421-F2933D5A9E17}.Release|Windows Phone (Universal).Build.0 = Release|Any CPU
		{3CFC8A38-C190-4CD1-B421-F2933D5A9E17}.Release|Windows Phone 8.ActiveCfg = Release|Any CPU
		{3CFC8A38-C190-4CD1-B421-F2933D5A9E17}.Release|Windows Phone 8.Build.0 = Release|Any CPU
		{3CFC8A38-C190-4CD1-B421-F2933D5A9E17}.Release|Windows-AnyCPU.ActiveCfg = Release|Any CPU
		{3CFC8A38-C190-4CD1-B421-F2933D5A9E17}.Release|Windows-AnyCPU.Build.0 = Release|Any CPU
		{3CFC8A38-C190-4CD1-B421-F2933D5A9E17}.Release|Windows-ARM.ActiveCfg = Release|Any CPU
		{3CFC8A38-C190-4CD1-B421-F2933D5A9E17}.Release|Windows-ARM.Build.0 = Release|Any CPU
		{3CFC8A38-C190-4CD1-B421-F2933D5A9E17}.Release|Windows-x64.ActiveCfg = Release|Any CPU
		{3CFC8A38-C190-4CD1-B421-F2933D5A9E17}.Release|Windows-x64.Build.0 = Release|Any CPU
		{3CFC8A38-C190-4CD1-B421-F2933D5A9E17}.Release|Windows-x86.ActiveCfg = Release|Any CPU
		{3CFC8A38-C190-4CD1-B421-F2933D5A9E17}.Release|Windows-x86.Build.0 = Release|Any CPU
		{3CFC8A38-C190-4CD1-B421-F2933D5A9E17}.Release|x86.ActiveCfg = Release|Any CPU
		{3CFC8A38-C190-4CD1-B421-F2933D5A9E17}.Release|x86.Build.0 = Release|Any CPU
		{E9B66F6F-39F0-4E1C-8880-7EEE65994CCD}.Debug|Android.ActiveCfg = Debug|Any CPU
		{E9B66F6F-39F0-4E1C-8880-7EEE65994CCD}.Debug|Android.Build.0 = Debug|Any CPU
		{E9B66F6F-39F0-4E1C-8880-7EEE65994CCD}.Debug|Any CPU.ActiveCfg = Debug|Any CPU
		{E9B66F6F-39F0-4E1C-8880-7EEE65994CCD}.Debug|Any CPU.Build.0 = Debug|Any CPU
		{E9B66F6F-39F0-4E1C-8880-7EEE65994CCD}.Debug|iOS.ActiveCfg = Debug|Any CPU
		{E9B66F6F-39F0-4E1C-8880-7EEE65994CCD}.Debug|iOS.Build.0 = Debug|Any CPU
		{E9B66F6F-39F0-4E1C-8880-7EEE65994CCD}.Debug|Windows Phone (Universal).ActiveCfg = Debug|Any CPU
		{E9B66F6F-39F0-4E1C-8880-7EEE65994CCD}.Debug|Windows Phone (Universal).Build.0 = Debug|Any CPU
		{E9B66F6F-39F0-4E1C-8880-7EEE65994CCD}.Debug|Windows Phone 8.ActiveCfg = Debug|Any CPU
		{E9B66F6F-39F0-4E1C-8880-7EEE65994CCD}.Debug|Windows Phone 8.Build.0 = Debug|Any CPU
		{E9B66F6F-39F0-4E1C-8880-7EEE65994CCD}.Debug|Windows-AnyCPU.ActiveCfg = Debug|Any CPU
		{E9B66F6F-39F0-4E1C-8880-7EEE65994CCD}.Debug|Windows-AnyCPU.Build.0 = Debug|Any CPU
		{E9B66F6F-39F0-4E1C-8880-7EEE65994CCD}.Debug|Windows-ARM.ActiveCfg = Debug|Any CPU
		{E9B66F6F-39F0-4E1C-8880-7EEE65994CCD}.Debug|Windows-ARM.Build.0 = Debug|Any CPU
		{E9B66F6F-39F0-4E1C-8880-7EEE65994CCD}.Debug|Windows-x64.ActiveCfg = Debug|Any CPU
		{E9B66F6F-39F0-4E1C-8880-7EEE65994CCD}.Debug|Windows-x64.Build.0 = Debug|Any CPU
		{E9B66F6F-39F0-4E1C-8880-7EEE65994CCD}.Debug|Windows-x86.ActiveCfg = Debug|Any CPU
		{E9B66F6F-39F0-4E1C-8880-7EEE65994CCD}.Debug|Windows-x86.Build.0 = Debug|Any CPU
		{E9B66F6F-39F0-4E1C-8880-7EEE65994CCD}.Debug|x86.ActiveCfg = Debug|Any CPU
		{E9B66F6F-39F0-4E1C-8880-7EEE65994CCD}.Debug|x86.Build.0 = Debug|Any CPU
		{E9B66F6F-39F0-4E1C-8880-7EEE65994CCD}.Release|Android.ActiveCfg = Release|Any CPU
		{E9B66F6F-39F0-4E1C-8880-7EEE65994CCD}.Release|Android.Build.0 = Release|Any CPU
		{E9B66F6F-39F0-4E1C-8880-7EEE65994CCD}.Release|Any CPU.ActiveCfg = Release|Any CPU
		{E9B66F6F-39F0-4E1C-8880-7EEE65994CCD}.Release|Any CPU.Build.0 = Release|Any CPU
		{E9B66F6F-39F0-4E1C-8880-7EEE65994CCD}.Release|iOS.ActiveCfg = Release|Any CPU
		{E9B66F6F-39F0-4E1C-8880-7EEE65994CCD}.Release|iOS.Build.0 = Release|Any CPU
		{E9B66F6F-39F0-4E1C-8880-7EEE65994CCD}.Release|Windows Phone (Universal).ActiveCfg = Release|Any CPU
		{E9B66F6F-39F0-4E1C-8880-7EEE65994CCD}.Release|Windows Phone (Universal).Build.0 = Release|Any CPU
		{E9B66F6F-39F0-4E1C-8880-7EEE65994CCD}.Release|Windows Phone 8.ActiveCfg = Release|Any CPU
		{E9B66F6F-39F0-4E1C-8880-7EEE65994CCD}.Release|Windows Phone 8.Build.0 = Release|Any CPU
		{E9B66F6F-39F0-4E1C-8880-7EEE65994CCD}.Release|Windows-AnyCPU.ActiveCfg = Release|Any CPU
		{E9B66F6F-39F0-4E1C-8880-7EEE65994CCD}.Release|Windows-AnyCPU.Build.0 = Release|Any CPU
		{E9B66F6F-39F0-4E1C-8880-7EEE65994CCD}.Release|Windows-ARM.ActiveCfg = Release|Any CPU
		{E9B66F6F-39F0-4E1C-8880-7EEE65994CCD}.Release|Windows-ARM.Build.0 = Release|Any CPU
		{E9B66F6F-39F0-4E1C-8880-7EEE65994CCD}.Release|Windows-x64.ActiveCfg = Release|Any CPU
		{E9B66F6F-39F0-4E1C-8880-7EEE65994CCD}.Release|Windows-x64.Build.0 = Release|Any CPU
		{E9B66F6F-39F0-4E1C-8880-7EEE65994CCD}.Release|Windows-x86.ActiveCfg = Release|Any CPU
		{E9B66F6F-39F0-4E1C-8880-7EEE65994CCD}.Release|Windows-x86.Build.0 = Release|Any CPU
		{E9B66F6F-39F0-4E1C-8880-7EEE65994CCD}.Release|x86.ActiveCfg = Release|Any CPU
		{E9B66F6F-39F0-4E1C-8880-7EEE65994CCD}.Release|x86.Build.0 = Release|Any CPU
		{B9561490-D977-4C76-96E4-55E37A76E416}.Debug|Android.ActiveCfg = Debug|Any CPU
		{B9561490-D977-4C76-96E4-55E37A76E416}.Debug|Android.Build.0 = Debug|Any CPU
		{B9561490-D977-4C76-96E4-55E37A76E416}.Debug|Any CPU.ActiveCfg = Debug|Any CPU
		{B9561490-D977-4C76-96E4-55E37A76E416}.Debug|Any CPU.Build.0 = Debug|Any CPU
		{B9561490-D977-4C76-96E4-55E37A76E416}.Debug|iOS.ActiveCfg = Debug|Any CPU
		{B9561490-D977-4C76-96E4-55E37A76E416}.Debug|iOS.Build.0 = Debug|Any CPU
		{B9561490-D977-4C76-96E4-55E37A76E416}.Debug|Windows Phone (Universal).ActiveCfg = Debug|Any CPU
		{B9561490-D977-4C76-96E4-55E37A76E416}.Debug|Windows Phone (Universal).Build.0 = Debug|Any CPU
		{B9561490-D977-4C76-96E4-55E37A76E416}.Debug|Windows Phone 8.ActiveCfg = Debug|Any CPU
		{B9561490-D977-4C76-96E4-55E37A76E416}.Debug|Windows Phone 8.Build.0 = Debug|Any CPU
		{B9561490-D977-4C76-96E4-55E37A76E416}.Debug|Windows-AnyCPU.ActiveCfg = Debug|Any CPU
		{B9561490-D977-4C76-96E4-55E37A76E416}.Debug|Windows-AnyCPU.Build.0 = Debug|Any CPU
		{B9561490-D977-4C76-96E4-55E37A76E416}.Debug|Windows-ARM.ActiveCfg = Debug|Any CPU
		{B9561490-D977-4C76-96E4-55E37A76E416}.Debug|Windows-ARM.Build.0 = Debug|Any CPU
		{B9561490-D977-4C76-96E4-55E37A76E416}.Debug|Windows-x64.ActiveCfg = Debug|Any CPU
		{B9561490-D977-4C76-96E4-55E37A76E416}.Debug|Windows-x64.Build.0 = Debug|Any CPU
		{B9561490-D977-4C76-96E4-55E37A76E416}.Debug|Windows-x86.ActiveCfg = Debug|Any CPU
		{B9561490-D977-4C76-96E4-55E37A76E416}.Debug|Windows-x86.Build.0 = Debug|Any CPU
		{B9561490-D977-4C76-96E4-55E37A76E416}.Debug|x86.ActiveCfg = Debug|Any CPU
		{B9561490-D977-4C76-96E4-55E37A76E416}.Debug|x86.Build.0 = Debug|Any CPU
		{B9561490-D977-4C76-96E4-55E37A76E416}.Release|Android.ActiveCfg = Release|Any CPU
		{B9561490-D977-4C76-96E4-55E37A76E416}.Release|Android.Build.0 = Release|Any CPU
		{B9561490-D977-4C76-96E4-55E37A76E416}.Release|Any CPU.ActiveCfg = Release|Any CPU
		{B9561490-D977-4C76-96E4-55E37A76E416}.Release|Any CPU.Build.0 = Release|Any CPU
		{B9561490-D977-4C76-96E4-55E37A76E416}.Release|iOS.ActiveCfg = Release|Any CPU
		{B9561490-D977-4C76-96E4-55E37A76E416}.Release|iOS.Build.0 = Release|Any CPU
		{B9561490-D977-4C76-96E4-55E37A76E416}.Release|Windows Phone (Universal).ActiveCfg = Release|Any CPU
		{B9561490-D977-4C76-96E4-55E37A76E416}.Release|Windows Phone (Universal).Build.0 = Release|Any CPU
		{B9561490-D977-4C76-96E4-55E37A76E416}.Release|Windows Phone 8.ActiveCfg = Release|Any CPU
		{B9561490-D977-4C76-96E4-55E37A76E416}.Release|Windows Phone 8.Build.0 = Release|Any CPU
		{B9561490-D977-4C76-96E4-55E37A76E416}.Release|Windows-AnyCPU.ActiveCfg = Release|Any CPU
		{B9561490-D977-4C76-96E4-55E37A76E416}.Release|Windows-AnyCPU.Build.0 = Release|Any CPU
		{B9561490-D977-4C76-96E4-55E37A76E416}.Release|Windows-ARM.ActiveCfg = Release|Any CPU
		{B9561490-D977-4C76-96E4-55E37A76E416}.Release|Windows-ARM.Build.0 = Release|Any CPU
		{B9561490-D977-4C76-96E4-55E37A76E416}.Release|Windows-x64.ActiveCfg = Release|Any CPU
		{B9561490-D977-4C76-96E4-55E37A76E416}.Release|Windows-x64.Build.0 = Release|Any CPU
		{B9561490-D977-4C76-96E4-55E37A76E416}.Release|Windows-x86.ActiveCfg = Release|Any CPU
		{B9561490-D977-4C76-96E4-55E37A76E416}.Release|Windows-x86.Build.0 = Release|Any CPU
		{B9561490-D977-4C76-96E4-55E37A76E416}.Release|x86.ActiveCfg = Release|Any CPU
		{B9561490-D977-4C76-96E4-55E37A76E416}.Release|x86.Build.0 = Release|Any CPU
		{873772E6-C00B-4AD8-8961-8BFFAE6BC81C}.Debug|Android.ActiveCfg = Debug|Any CPU
		{873772E6-C00B-4AD8-8961-8BFFAE6BC81C}.Debug|Android.Build.0 = Debug|Any CPU
		{873772E6-C00B-4AD8-8961-8BFFAE6BC81C}.Debug|Any CPU.ActiveCfg = Debug|Any CPU
		{873772E6-C00B-4AD8-8961-8BFFAE6BC81C}.Debug|Any CPU.Build.0 = Debug|Any CPU
		{873772E6-C00B-4AD8-8961-8BFFAE6BC81C}.Debug|iOS.ActiveCfg = Debug|Any CPU
		{873772E6-C00B-4AD8-8961-8BFFAE6BC81C}.Debug|iOS.Build.0 = Debug|Any CPU
		{873772E6-C00B-4AD8-8961-8BFFAE6BC81C}.Debug|Windows Phone (Universal).ActiveCfg = Debug|Any CPU
		{873772E6-C00B-4AD8-8961-8BFFAE6BC81C}.Debug|Windows Phone (Universal).Build.0 = Debug|Any CPU
		{873772E6-C00B-4AD8-8961-8BFFAE6BC81C}.Debug|Windows Phone 8.ActiveCfg = Debug|Any CPU
		{873772E6-C00B-4AD8-8961-8BFFAE6BC81C}.Debug|Windows Phone 8.Build.0 = Debug|Any CPU
		{873772E6-C00B-4AD8-8961-8BFFAE6BC81C}.Debug|Windows-AnyCPU.ActiveCfg = Debug|Any CPU
		{873772E6-C00B-4AD8-8961-8BFFAE6BC81C}.Debug|Windows-AnyCPU.Build.0 = Debug|Any CPU
		{873772E6-C00B-4AD8-8961-8BFFAE6BC81C}.Debug|Windows-ARM.ActiveCfg = Debug|Any CPU
		{873772E6-C00B-4AD8-8961-8BFFAE6BC81C}.Debug|Windows-ARM.Build.0 = Debug|Any CPU
		{873772E6-C00B-4AD8-8961-8BFFAE6BC81C}.Debug|Windows-x64.ActiveCfg = Debug|Any CPU
		{873772E6-C00B-4AD8-8961-8BFFAE6BC81C}.Debug|Windows-x64.Build.0 = Debug|Any CPU
		{873772E6-C00B-4AD8-8961-8BFFAE6BC81C}.Debug|Windows-x86.ActiveCfg = Debug|Any CPU
		{873772E6-C00B-4AD8-8961-8BFFAE6BC81C}.Debug|Windows-x86.Build.0 = Debug|Any CPU
		{873772E6-C00B-4AD8-8961-8BFFAE6BC81C}.Debug|x86.ActiveCfg = Debug|Any CPU
		{873772E6-C00B-4AD8-8961-8BFFAE6BC81C}.Debug|x86.Build.0 = Debug|Any CPU
		{873772E6-C00B-4AD8-8961-8BFFAE6BC81C}.Release|Android.ActiveCfg = Release|Any CPU
		{873772E6-C00B-4AD8-8961-8BFFAE6BC81C}.Release|Android.Build.0 = Release|Any CPU
		{873772E6-C00B-4AD8-8961-8BFFAE6BC81C}.Release|Any CPU.ActiveCfg = Release|Any CPU
		{873772E6-C00B-4AD8-8961-8BFFAE6BC81C}.Release|Any CPU.Build.0 = Release|Any CPU
		{873772E6-C00B-4AD8-8961-8BFFAE6BC81C}.Release|iOS.ActiveCfg = Release|Any CPU
		{873772E6-C00B-4AD8-8961-8BFFAE6BC81C}.Release|iOS.Build.0 = Release|Any CPU
		{873772E6-C00B-4AD8-8961-8BFFAE6BC81C}.Release|Windows Phone (Universal).ActiveCfg = Release|Any CPU
		{873772E6-C00B-4AD8-8961-8BFFAE6BC81C}.Release|Windows Phone (Universal).Build.0 = Release|Any CPU
		{873772E6-C00B-4AD8-8961-8BFFAE6BC81C}.Release|Windows Phone 8.ActiveCfg = Release|Any CPU
		{873772E6-C00B-4AD8-8961-8BFFAE6BC81C}.Release|Windows Phone 8.Build.0 = Release|Any CPU
		{873772E6-C00B-4AD8-8961-8BFFAE6BC81C}.Release|Windows-AnyCPU.ActiveCfg = Release|Any CPU
		{873772E6-C00B-4AD8-8961-8BFFAE6BC81C}.Release|Windows-AnyCPU.Build.0 = Release|Any CPU
		{873772E6-C00B-4AD8-8961-8BFFAE6BC81C}.Release|Windows-ARM.ActiveCfg = Release|Any CPU
		{873772E6-C00B-4AD8-8961-8BFFAE6BC81C}.Release|Windows-ARM.Build.0 = Release|Any CPU
		{873772E6-C00B-4AD8-8961-8BFFAE6BC81C}.Release|Windows-x64.ActiveCfg = Release|Any CPU
		{873772E6-C00B-4AD8-8961-8BFFAE6BC81C}.Release|Windows-x64.Build.0 = Release|Any CPU
		{873772E6-C00B-4AD8-8961-8BFFAE6BC81C}.Release|Windows-x86.ActiveCfg = Release|Any CPU
		{873772E6-C00B-4AD8-8961-8BFFAE6BC81C}.Release|Windows-x86.Build.0 = Release|Any CPU
		{873772E6-C00B-4AD8-8961-8BFFAE6BC81C}.Release|x86.ActiveCfg = Release|Any CPU
		{873772E6-C00B-4AD8-8961-8BFFAE6BC81C}.Release|x86.Build.0 = Release|Any CPU
		{559BD085-DAF1-4EBA-A1B4-C8B4AA4EB269}.Debug|Android.ActiveCfg = Debug|Any CPU
		{559BD085-DAF1-4EBA-A1B4-C8B4AA4EB269}.Debug|Android.Build.0 = Debug|Any CPU
		{559BD085-DAF1-4EBA-A1B4-C8B4AA4EB269}.Debug|Any CPU.ActiveCfg = Debug|Any CPU
		{559BD085-DAF1-4EBA-A1B4-C8B4AA4EB269}.Debug|Any CPU.Build.0 = Debug|Any CPU
		{559BD085-DAF1-4EBA-A1B4-C8B4AA4EB269}.Debug|iOS.ActiveCfg = Debug|Any CPU
		{559BD085-DAF1-4EBA-A1B4-C8B4AA4EB269}.Debug|iOS.Build.0 = Debug|Any CPU
		{559BD085-DAF1-4EBA-A1B4-C8B4AA4EB269}.Debug|Windows Phone (Universal).ActiveCfg = Debug|Any CPU
		{559BD085-DAF1-4EBA-A1B4-C8B4AA4EB269}.Debug|Windows Phone (Universal).Build.0 = Debug|Any CPU
		{559BD085-DAF1-4EBA-A1B4-C8B4AA4EB269}.Debug|Windows Phone 8.ActiveCfg = Debug|Any CPU
		{559BD085-DAF1-4EBA-A1B4-C8B4AA4EB269}.Debug|Windows Phone 8.Build.0 = Debug|Any CPU
		{559BD085-DAF1-4EBA-A1B4-C8B4AA4EB269}.Debug|Windows-AnyCPU.ActiveCfg = Debug|Any CPU
		{559BD085-DAF1-4EBA-A1B4-C8B4AA4EB269}.Debug|Windows-AnyCPU.Build.0 = Debug|Any CPU
		{559BD085-DAF1-4EBA-A1B4-C8B4AA4EB269}.Debug|Windows-ARM.ActiveCfg = Debug|Any CPU
		{559BD085-DAF1-4EBA-A1B4-C8B4AA4EB269}.Debug|Windows-ARM.Build.0 = Debug|Any CPU
		{559BD085-DAF1-4EBA-A1B4-C8B4AA4EB269}.Debug|Windows-x64.ActiveCfg = Debug|Any CPU
		{559BD085-DAF1-4EBA-A1B4-C8B4AA4EB269}.Debug|Windows-x64.Build.0 = Debug|Any CPU
		{559BD085-DAF1-4EBA-A1B4-C8B4AA4EB269}.Debug|Windows-x86.ActiveCfg = Debug|Any CPU
		{559BD085-DAF1-4EBA-A1B4-C8B4AA4EB269}.Debug|Windows-x86.Build.0 = Debug|Any CPU
		{559BD085-DAF1-4EBA-A1B4-C8B4AA4EB269}.Debug|x86.ActiveCfg = Debug|Any CPU
		{559BD085-DAF1-4EBA-A1B4-C8B4AA4EB269}.Debug|x86.Build.0 = Debug|Any CPU
		{559BD085-DAF1-4EBA-A1B4-C8B4AA4EB269}.Release|Android.ActiveCfg = Release|Any CPU
		{559BD085-DAF1-4EBA-A1B4-C8B4AA4EB269}.Release|Android.Build.0 = Release|Any CPU
		{559BD085-DAF1-4EBA-A1B4-C8B4AA4EB269}.Release|Any CPU.ActiveCfg = Release|Any CPU
		{559BD085-DAF1-4EBA-A1B4-C8B4AA4EB269}.Release|Any CPU.Build.0 = Release|Any CPU
		{559BD085-DAF1-4EBA-A1B4-C8B4AA4EB269}.Release|iOS.ActiveCfg = Release|Any CPU
		{559BD085-DAF1-4EBA-A1B4-C8B4AA4EB269}.Release|iOS.Build.0 = Release|Any CPU
		{559BD085-DAF1-4EBA-A1B4-C8B4AA4EB269}.Release|Windows Phone (Universal).ActiveCfg = Release|Any CPU
		{559BD085-DAF1-4EBA-A1B4-C8B4AA4EB269}.Release|Windows Phone (Universal).Build.0 = Release|Any CPU
		{559BD085-DAF1-4EBA-A1B4-C8B4AA4EB269}.Release|Windows Phone 8.ActiveCfg = Release|Any CPU
		{559BD085-DAF1-4EBA-A1B4-C8B4AA4EB269}.Release|Windows Phone 8.Build.0 = Release|Any CPU
		{559BD085-DAF1-4EBA-A1B4-C8B4AA4EB269}.Release|Windows-AnyCPU.ActiveCfg = Release|Any CPU
		{559BD085-DAF1-4EBA-A1B4-C8B4AA4EB269}.Release|Windows-AnyCPU.Build.0 = Release|Any CPU
		{559BD085-DAF1-4EBA-A1B4-C8B4AA4EB269}.Release|Windows-ARM.ActiveCfg = Release|Any CPU
		{559BD085-DAF1-4EBA-A1B4-C8B4AA4EB269}.Release|Windows-ARM.Build.0 = Release|Any CPU
		{559BD085-DAF1-4EBA-A1B4-C8B4AA4EB269}.Release|Windows-x64.ActiveCfg = Release|Any CPU
		{559BD085-DAF1-4EBA-A1B4-C8B4AA4EB269}.Release|Windows-x64.Build.0 = Release|Any CPU
		{559BD085-DAF1-4EBA-A1B4-C8B4AA4EB269}.Release|Windows-x86.ActiveCfg = Release|Any CPU
		{559BD085-DAF1-4EBA-A1B4-C8B4AA4EB269}.Release|Windows-x86.Build.0 = Release|Any CPU
		{559BD085-DAF1-4EBA-A1B4-C8B4AA4EB269}.Release|x86.ActiveCfg = Release|Any CPU
		{559BD085-DAF1-4EBA-A1B4-C8B4AA4EB269}.Release|x86.Build.0 = Release|Any CPU
		{79806BCF-BE2B-4261-B3F0-410F0BF25641}.Debug|Android.ActiveCfg = Debug|Any CPU
		{79806BCF-BE2B-4261-B3F0-410F0BF25641}.Debug|Android.Build.0 = Debug|Any CPU
		{79806BCF-BE2B-4261-B3F0-410F0BF25641}.Debug|Any CPU.ActiveCfg = Debug|Any CPU
		{79806BCF-BE2B-4261-B3F0-410F0BF25641}.Debug|Any CPU.Build.0 = Debug|Any CPU
		{79806BCF-BE2B-4261-B3F0-410F0BF25641}.Debug|iOS.ActiveCfg = Debug|Any CPU
		{79806BCF-BE2B-4261-B3F0-410F0BF25641}.Debug|iOS.Build.0 = Debug|Any CPU
		{79806BCF-BE2B-4261-B3F0-410F0BF25641}.Debug|Windows Phone (Universal).ActiveCfg = Debug|Any CPU
		{79806BCF-BE2B-4261-B3F0-410F0BF25641}.Debug|Windows Phone (Universal).Build.0 = Debug|Any CPU
		{79806BCF-BE2B-4261-B3F0-410F0BF25641}.Debug|Windows Phone 8.ActiveCfg = Debug|Any CPU
		{79806BCF-BE2B-4261-B3F0-410F0BF25641}.Debug|Windows Phone 8.Build.0 = Debug|Any CPU
		{79806BCF-BE2B-4261-B3F0-410F0BF25641}.Debug|Windows-AnyCPU.ActiveCfg = Debug|Any CPU
		{79806BCF-BE2B-4261-B3F0-410F0BF25641}.Debug|Windows-AnyCPU.Build.0 = Debug|Any CPU
		{79806BCF-BE2B-4261-B3F0-410F0BF25641}.Debug|Windows-ARM.ActiveCfg = Debug|Any CPU
		{79806BCF-BE2B-4261-B3F0-410F0BF25641}.Debug|Windows-ARM.Build.0 = Debug|Any CPU
		{79806BCF-BE2B-4261-B3F0-410F0BF25641}.Debug|Windows-x64.ActiveCfg = Debug|Any CPU
		{79806BCF-BE2B-4261-B3F0-410F0BF25641}.Debug|Windows-x64.Build.0 = Debug|Any CPU
		{79806BCF-BE2B-4261-B3F0-410F0BF25641}.Debug|Windows-x86.ActiveCfg = Debug|Any CPU
		{79806BCF-BE2B-4261-B3F0-410F0BF25641}.Debug|Windows-x86.Build.0 = Debug|Any CPU
		{79806BCF-BE2B-4261-B3F0-410F0BF25641}.Debug|x86.ActiveCfg = Debug|Any CPU
		{79806BCF-BE2B-4261-B3F0-410F0BF25641}.Debug|x86.Build.0 = Debug|Any CPU
		{79806BCF-BE2B-4261-B3F0-410F0BF25641}.Release|Android.ActiveCfg = Release|Any CPU
		{79806BCF-BE2B-4261-B3F0-410F0BF25641}.Release|Android.Build.0 = Release|Any CPU
		{79806BCF-BE2B-4261-B3F0-410F0BF25641}.Release|Any CPU.ActiveCfg = Release|Any CPU
		{79806BCF-BE2B-4261-B3F0-410F0BF25641}.Release|Any CPU.Build.0 = Release|Any CPU
		{79806BCF-BE2B-4261-B3F0-410F0BF25641}.Release|iOS.ActiveCfg = Release|Any CPU
		{79806BCF-BE2B-4261-B3F0-410F0BF25641}.Release|iOS.Build.0 = Release|Any CPU
		{79806BCF-BE2B-4261-B3F0-410F0BF25641}.Release|Windows Phone (Universal).ActiveCfg = Release|Any CPU
		{79806BCF-BE2B-4261-B3F0-410F0BF25641}.Release|Windows Phone (Universal).Build.0 = Release|Any CPU
		{79806BCF-BE2B-4261-B3F0-410F0BF25641}.Release|Windows Phone 8.ActiveCfg = Release|Any CPU
		{79806BCF-BE2B-4261-B3F0-410F0BF25641}.Release|Windows Phone 8.Build.0 = Release|Any CPU
		{79806BCF-BE2B-4261-B3F0-410F0BF25641}.Release|Windows-AnyCPU.ActiveCfg = Release|Any CPU
		{79806BCF-BE2B-4261-B3F0-410F0BF25641}.Release|Windows-AnyCPU.Build.0 = Release|Any CPU
		{79806BCF-BE2B-4261-B3F0-410F0BF25641}.Release|Windows-ARM.ActiveCfg = Release|Any CPU
		{79806BCF-BE2B-4261-B3F0-410F0BF25641}.Release|Windows-ARM.Build.0 = Release|Any CPU
		{79806BCF-BE2B-4261-B3F0-410F0BF25641}.Release|Windows-x64.ActiveCfg = Release|Any CPU
		{79806BCF-BE2B-4261-B3F0-410F0BF25641}.Release|Windows-x64.Build.0 = Release|Any CPU
		{79806BCF-BE2B-4261-B3F0-410F0BF25641}.Release|Windows-x86.ActiveCfg = Release|Any CPU
		{79806BCF-BE2B-4261-B3F0-410F0BF25641}.Release|Windows-x86.Build.0 = Release|Any CPU
		{79806BCF-BE2B-4261-B3F0-410F0BF25641}.Release|x86.ActiveCfg = Release|Any CPU
		{79806BCF-BE2B-4261-B3F0-410F0BF25641}.Release|x86.Build.0 = Release|Any CPU
		{570C4E73-AC87-4382-917C-8E044F272211}.Debug|Android.ActiveCfg = Debug|Any CPU
		{570C4E73-AC87-4382-917C-8E044F272211}.Debug|Android.Build.0 = Debug|Any CPU
		{570C4E73-AC87-4382-917C-8E044F272211}.Debug|Any CPU.ActiveCfg = Debug|Any CPU
		{570C4E73-AC87-4382-917C-8E044F272211}.Debug|Any CPU.Build.0 = Debug|Any CPU
		{570C4E73-AC87-4382-917C-8E044F272211}.Debug|iOS.ActiveCfg = Debug|Any CPU
		{570C4E73-AC87-4382-917C-8E044F272211}.Debug|iOS.Build.0 = Debug|Any CPU
		{570C4E73-AC87-4382-917C-8E044F272211}.Debug|Windows Phone (Universal).ActiveCfg = Debug|Any CPU
		{570C4E73-AC87-4382-917C-8E044F272211}.Debug|Windows Phone (Universal).Build.0 = Debug|Any CPU
		{570C4E73-AC87-4382-917C-8E044F272211}.Debug|Windows Phone 8.ActiveCfg = Debug|Any CPU
		{570C4E73-AC87-4382-917C-8E044F272211}.Debug|Windows Phone 8.Build.0 = Debug|Any CPU
		{570C4E73-AC87-4382-917C-8E044F272211}.Debug|Windows-AnyCPU.ActiveCfg = Debug|Any CPU
		{570C4E73-AC87-4382-917C-8E044F272211}.Debug|Windows-AnyCPU.Build.0 = Debug|Any CPU
		{570C4E73-AC87-4382-917C-8E044F272211}.Debug|Windows-ARM.ActiveCfg = Debug|Any CPU
		{570C4E73-AC87-4382-917C-8E044F272211}.Debug|Windows-ARM.Build.0 = Debug|Any CPU
		{570C4E73-AC87-4382-917C-8E044F272211}.Debug|Windows-x64.ActiveCfg = Debug|Any CPU
		{570C4E73-AC87-4382-917C-8E044F272211}.Debug|Windows-x64.Build.0 = Debug|Any CPU
		{570C4E73-AC87-4382-917C-8E044F272211}.Debug|Windows-x86.ActiveCfg = Debug|Any CPU
		{570C4E73-AC87-4382-917C-8E044F272211}.Debug|Windows-x86.Build.0 = Debug|Any CPU
		{570C4E73-AC87-4382-917C-8E044F272211}.Debug|x86.ActiveCfg = Debug|Any CPU
		{570C4E73-AC87-4382-917C-8E044F272211}.Debug|x86.Build.0 = Debug|Any CPU
		{570C4E73-AC87-4382-917C-8E044F272211}.Release|Android.ActiveCfg = Release|Any CPU
		{570C4E73-AC87-4382-917C-8E044F272211}.Release|Android.Build.0 = Release|Any CPU
		{570C4E73-AC87-4382-917C-8E044F272211}.Release|Any CPU.ActiveCfg = Release|Any CPU
		{570C4E73-AC87-4382-917C-8E044F272211}.Release|Any CPU.Build.0 = Release|Any CPU
		{570C4E73-AC87-4382-917C-8E044F272211}.Release|iOS.ActiveCfg = Release|Any CPU
		{570C4E73-AC87-4382-917C-8E044F272211}.Release|iOS.Build.0 = Release|Any CPU
		{570C4E73-AC87-4382-917C-8E044F272211}.Release|Windows Phone (Universal).ActiveCfg = Release|Any CPU
		{570C4E73-AC87-4382-917C-8E044F272211}.Release|Windows Phone (Universal).Build.0 = Release|Any CPU
		{570C4E73-AC87-4382-917C-8E044F272211}.Release|Windows Phone 8.ActiveCfg = Release|Any CPU
		{570C4E73-AC87-4382-917C-8E044F272211}.Release|Windows Phone 8.Build.0 = Release|Any CPU
		{570C4E73-AC87-4382-917C-8E044F272211}.Release|Windows-AnyCPU.ActiveCfg = Release|Any CPU
		{570C4E73-AC87-4382-917C-8E044F272211}.Release|Windows-AnyCPU.Build.0 = Release|Any CPU
		{570C4E73-AC87-4382-917C-8E044F272211}.Release|Windows-ARM.ActiveCfg = Release|Any CPU
		{570C4E73-AC87-4382-917C-8E044F272211}.Release|Windows-ARM.Build.0 = Release|Any CPU
		{570C4E73-AC87-4382-917C-8E044F272211}.Release|Windows-x64.ActiveCfg = Release|Any CPU
		{570C4E73-AC87-4382-917C-8E044F272211}.Release|Windows-x64.Build.0 = Release|Any CPU
		{570C4E73-AC87-4382-917C-8E044F272211}.Release|Windows-x86.ActiveCfg = Release|Any CPU
		{570C4E73-AC87-4382-917C-8E044F272211}.Release|Windows-x86.Build.0 = Release|Any CPU
		{570C4E73-AC87-4382-917C-8E044F272211}.Release|x86.ActiveCfg = Release|Any CPU
		{570C4E73-AC87-4382-917C-8E044F272211}.Release|x86.Build.0 = Release|Any CPU
		{9B04E1CE-EFB0-45DA-8EF4-0DC0AD309779}.Debug|Android.ActiveCfg = Debug|Any CPU
		{9B04E1CE-EFB0-45DA-8EF4-0DC0AD309779}.Debug|Android.Build.0 = Debug|Any CPU
		{9B04E1CE-EFB0-45DA-8EF4-0DC0AD309779}.Debug|Any CPU.ActiveCfg = Debug|Any CPU
		{9B04E1CE-EFB0-45DA-8EF4-0DC0AD309779}.Debug|Any CPU.Build.0 = Debug|Any CPU
		{9B04E1CE-EFB0-45DA-8EF4-0DC0AD309779}.Debug|iOS.ActiveCfg = Debug|Any CPU
		{9B04E1CE-EFB0-45DA-8EF4-0DC0AD309779}.Debug|iOS.Build.0 = Debug|Any CPU
		{9B04E1CE-EFB0-45DA-8EF4-0DC0AD309779}.Debug|Windows Phone (Universal).ActiveCfg = Debug|Any CPU
		{9B04E1CE-EFB0-45DA-8EF4-0DC0AD309779}.Debug|Windows Phone (Universal).Build.0 = Debug|Any CPU
		{9B04E1CE-EFB0-45DA-8EF4-0DC0AD309779}.Debug|Windows Phone 8.ActiveCfg = Debug|Any CPU
		{9B04E1CE-EFB0-45DA-8EF4-0DC0AD309779}.Debug|Windows Phone 8.Build.0 = Debug|Any CPU
		{9B04E1CE-EFB0-45DA-8EF4-0DC0AD309779}.Debug|Windows-AnyCPU.ActiveCfg = Debug|Any CPU
		{9B04E1CE-EFB0-45DA-8EF4-0DC0AD309779}.Debug|Windows-AnyCPU.Build.0 = Debug|Any CPU
		{9B04E1CE-EFB0-45DA-8EF4-0DC0AD309779}.Debug|Windows-ARM.ActiveCfg = Debug|Any CPU
		{9B04E1CE-EFB0-45DA-8EF4-0DC0AD309779}.Debug|Windows-ARM.Build.0 = Debug|Any CPU
		{9B04E1CE-EFB0-45DA-8EF4-0DC0AD309779}.Debug|Windows-x64.ActiveCfg = Debug|Any CPU
		{9B04E1CE-EFB0-45DA-8EF4-0DC0AD309779}.Debug|Windows-x64.Build.0 = Debug|Any CPU
		{9B04E1CE-EFB0-45DA-8EF4-0DC0AD309779}.Debug|Windows-x86.ActiveCfg = Debug|Any CPU
		{9B04E1CE-EFB0-45DA-8EF4-0DC0AD309779}.Debug|Windows-x86.Build.0 = Debug|Any CPU
		{9B04E1CE-EFB0-45DA-8EF4-0DC0AD309779}.Debug|x86.ActiveCfg = Debug|Any CPU
		{9B04E1CE-EFB0-45DA-8EF4-0DC0AD309779}.Debug|x86.Build.0 = Debug|Any CPU
		{9B04E1CE-EFB0-45DA-8EF4-0DC0AD309779}.Release|Android.ActiveCfg = Release|Any CPU
		{9B04E1CE-EFB0-45DA-8EF4-0DC0AD309779}.Release|Android.Build.0 = Release|Any CPU
		{9B04E1CE-EFB0-45DA-8EF4-0DC0AD309779}.Release|Any CPU.ActiveCfg = Release|Any CPU
		{9B04E1CE-EFB0-45DA-8EF4-0DC0AD309779}.Release|Any CPU.Build.0 = Release|Any CPU
		{9B04E1CE-EFB0-45DA-8EF4-0DC0AD309779}.Release|iOS.ActiveCfg = Release|Any CPU
		{9B04E1CE-EFB0-45DA-8EF4-0DC0AD309779}.Release|iOS.Build.0 = Release|Any CPU
		{9B04E1CE-EFB0-45DA-8EF4-0DC0AD309779}.Release|Windows Phone (Universal).ActiveCfg = Release|Any CPU
		{9B04E1CE-EFB0-45DA-8EF4-0DC0AD309779}.Release|Windows Phone (Universal).Build.0 = Release|Any CPU
		{9B04E1CE-EFB0-45DA-8EF4-0DC0AD309779}.Release|Windows Phone 8.ActiveCfg = Release|Any CPU
		{9B04E1CE-EFB0-45DA-8EF4-0DC0AD309779}.Release|Windows Phone 8.Build.0 = Release|Any CPU
		{9B04E1CE-EFB0-45DA-8EF4-0DC0AD309779}.Release|Windows-AnyCPU.ActiveCfg = Release|Any CPU
		{9B04E1CE-EFB0-45DA-8EF4-0DC0AD309779}.Release|Windows-AnyCPU.Build.0 = Release|Any CPU
		{9B04E1CE-EFB0-45DA-8EF4-0DC0AD309779}.Release|Windows-ARM.ActiveCfg = Release|Any CPU
		{9B04E1CE-EFB0-45DA-8EF4-0DC0AD309779}.Release|Windows-ARM.Build.0 = Release|Any CPU
		{9B04E1CE-EFB0-45DA-8EF4-0DC0AD309779}.Release|Windows-x64.ActiveCfg = Release|Any CPU
		{9B04E1CE-EFB0-45DA-8EF4-0DC0AD309779}.Release|Windows-x64.Build.0 = Release|Any CPU
		{9B04E1CE-EFB0-45DA-8EF4-0DC0AD309779}.Release|Windows-x86.ActiveCfg = Release|Any CPU
		{9B04E1CE-EFB0-45DA-8EF4-0DC0AD309779}.Release|Windows-x86.Build.0 = Release|Any CPU
		{9B04E1CE-EFB0-45DA-8EF4-0DC0AD309779}.Release|x86.ActiveCfg = Release|Any CPU
		{9B04E1CE-EFB0-45DA-8EF4-0DC0AD309779}.Release|x86.Build.0 = Release|Any CPU
		{4BE32884-34D7-4F4E-8D6A-8CA091F65985}.Debug|Android.ActiveCfg = Debug|Any CPU
		{4BE32884-34D7-4F4E-8D6A-8CA091F65985}.Debug|Android.Build.0 = Debug|Any CPU
		{4BE32884-34D7-4F4E-8D6A-8CA091F65985}.Debug|Any CPU.ActiveCfg = Debug|Any CPU
		{4BE32884-34D7-4F4E-8D6A-8CA091F65985}.Debug|Any CPU.Build.0 = Debug|Any CPU
		{4BE32884-34D7-4F4E-8D6A-8CA091F65985}.Debug|iOS.ActiveCfg = Debug|Any CPU
		{4BE32884-34D7-4F4E-8D6A-8CA091F65985}.Debug|iOS.Build.0 = Debug|Any CPU
		{4BE32884-34D7-4F4E-8D6A-8CA091F65985}.Debug|Windows Phone (Universal).ActiveCfg = Debug|Any CPU
		{4BE32884-34D7-4F4E-8D6A-8CA091F65985}.Debug|Windows Phone (Universal).Build.0 = Debug|Any CPU
		{4BE32884-34D7-4F4E-8D6A-8CA091F65985}.Debug|Windows Phone 8.ActiveCfg = Debug|Any CPU
		{4BE32884-34D7-4F4E-8D6A-8CA091F65985}.Debug|Windows Phone 8.Build.0 = Debug|Any CPU
		{4BE32884-34D7-4F4E-8D6A-8CA091F65985}.Debug|Windows-AnyCPU.ActiveCfg = Debug|Any CPU
		{4BE32884-34D7-4F4E-8D6A-8CA091F65985}.Debug|Windows-AnyCPU.Build.0 = Debug|Any CPU
		{4BE32884-34D7-4F4E-8D6A-8CA091F65985}.Debug|Windows-ARM.ActiveCfg = Debug|Any CPU
		{4BE32884-34D7-4F4E-8D6A-8CA091F65985}.Debug|Windows-ARM.Build.0 = Debug|Any CPU
		{4BE32884-34D7-4F4E-8D6A-8CA091F65985}.Debug|Windows-x64.ActiveCfg = Debug|Any CPU
		{4BE32884-34D7-4F4E-8D6A-8CA091F65985}.Debug|Windows-x64.Build.0 = Debug|Any CPU
		{4BE32884-34D7-4F4E-8D6A-8CA091F65985}.Debug|Windows-x86.ActiveCfg = Debug|Any CPU
		{4BE32884-34D7-4F4E-8D6A-8CA091F65985}.Debug|Windows-x86.Build.0 = Debug|Any CPU
		{4BE32884-34D7-4F4E-8D6A-8CA091F65985}.Debug|x86.ActiveCfg = Debug|Any CPU
		{4BE32884-34D7-4F4E-8D6A-8CA091F65985}.Debug|x86.Build.0 = Debug|Any CPU
		{4BE32884-34D7-4F4E-8D6A-8CA091F65985}.Release|Android.ActiveCfg = Release|Any CPU
		{4BE32884-34D7-4F4E-8D6A-8CA091F65985}.Release|Android.Build.0 = Release|Any CPU
		{4BE32884-34D7-4F4E-8D6A-8CA091F65985}.Release|Any CPU.ActiveCfg = Release|Any CPU
		{4BE32884-34D7-4F4E-8D6A-8CA091F65985}.Release|Any CPU.Build.0 = Release|Any CPU
		{4BE32884-34D7-4F4E-8D6A-8CA091F65985}.Release|iOS.ActiveCfg = Release|Any CPU
		{4BE32884-34D7-4F4E-8D6A-8CA091F65985}.Release|iOS.Build.0 = Release|Any CPU
		{4BE32884-34D7-4F4E-8D6A-8CA091F65985}.Release|Windows Phone (Universal).ActiveCfg = Release|Any CPU
		{4BE32884-34D7-4F4E-8D6A-8CA091F65985}.Release|Windows Phone (Universal).Build.0 = Release|Any CPU
		{4BE32884-34D7-4F4E-8D6A-8CA091F65985}.Release|Windows Phone 8.ActiveCfg = Release|Any CPU
		{4BE32884-34D7-4F4E-8D6A-8CA091F65985}.Release|Windows Phone 8.Build.0 = Release|Any CPU
		{4BE32884-34D7-4F4E-8D6A-8CA091F65985}.Release|Windows-AnyCPU.ActiveCfg = Release|Any CPU
		{4BE32884-34D7-4F4E-8D6A-8CA091F65985}.Release|Windows-AnyCPU.Build.0 = Release|Any CPU
		{4BE32884-34D7-4F4E-8D6A-8CA091F65985}.Release|Windows-ARM.ActiveCfg = Release|Any CPU
		{4BE32884-34D7-4F4E-8D6A-8CA091F65985}.Release|Windows-ARM.Build.0 = Release|Any CPU
		{4BE32884-34D7-4F4E-8D6A-8CA091F65985}.Release|Windows-x64.ActiveCfg = Release|Any CPU
		{4BE32884-34D7-4F4E-8D6A-8CA091F65985}.Release|Windows-x64.Build.0 = Release|Any CPU
		{4BE32884-34D7-4F4E-8D6A-8CA091F65985}.Release|Windows-x86.ActiveCfg = Release|Any CPU
		{4BE32884-34D7-4F4E-8D6A-8CA091F65985}.Release|Windows-x86.Build.0 = Release|Any CPU
		{4BE32884-34D7-4F4E-8D6A-8CA091F65985}.Release|x86.ActiveCfg = Release|Any CPU
		{4BE32884-34D7-4F4E-8D6A-8CA091F65985}.Release|x86.Build.0 = Release|Any CPU
		{46FE6DA4-0718-43D7-B3E1-1B4903788B85}.Debug|Android.ActiveCfg = Debug|Any CPU
		{46FE6DA4-0718-43D7-B3E1-1B4903788B85}.Debug|Android.Build.0 = Debug|Any CPU
		{46FE6DA4-0718-43D7-B3E1-1B4903788B85}.Debug|Any CPU.ActiveCfg = Debug|Any CPU
		{46FE6DA4-0718-43D7-B3E1-1B4903788B85}.Debug|Any CPU.Build.0 = Debug|Any CPU
		{46FE6DA4-0718-43D7-B3E1-1B4903788B85}.Debug|iOS.ActiveCfg = Debug|Any CPU
		{46FE6DA4-0718-43D7-B3E1-1B4903788B85}.Debug|iOS.Build.0 = Debug|Any CPU
		{46FE6DA4-0718-43D7-B3E1-1B4903788B85}.Debug|Windows Phone (Universal).ActiveCfg = Debug|Any CPU
		{46FE6DA4-0718-43D7-B3E1-1B4903788B85}.Debug|Windows Phone (Universal).Build.0 = Debug|Any CPU
		{46FE6DA4-0718-43D7-B3E1-1B4903788B85}.Debug|Windows Phone 8.ActiveCfg = Debug|Any CPU
		{46FE6DA4-0718-43D7-B3E1-1B4903788B85}.Debug|Windows Phone 8.Build.0 = Debug|Any CPU
		{46FE6DA4-0718-43D7-B3E1-1B4903788B85}.Debug|Windows-AnyCPU.ActiveCfg = Debug|Any CPU
		{46FE6DA4-0718-43D7-B3E1-1B4903788B85}.Debug|Windows-AnyCPU.Build.0 = Debug|Any CPU
		{46FE6DA4-0718-43D7-B3E1-1B4903788B85}.Debug|Windows-ARM.ActiveCfg = Debug|Any CPU
		{46FE6DA4-0718-43D7-B3E1-1B4903788B85}.Debug|Windows-ARM.Build.0 = Debug|Any CPU
		{46FE6DA4-0718-43D7-B3E1-1B4903788B85}.Debug|Windows-x64.ActiveCfg = Debug|Any CPU
		{46FE6DA4-0718-43D7-B3E1-1B4903788B85}.Debug|Windows-x64.Build.0 = Debug|Any CPU
		{46FE6DA4-0718-43D7-B3E1-1B4903788B85}.Debug|Windows-x86.ActiveCfg = Debug|Any CPU
		{46FE6DA4-0718-43D7-B3E1-1B4903788B85}.Debug|Windows-x86.Build.0 = Debug|Any CPU
		{46FE6DA4-0718-43D7-B3E1-1B4903788B85}.Debug|x86.ActiveCfg = Debug|Any CPU
		{46FE6DA4-0718-43D7-B3E1-1B4903788B85}.Debug|x86.Build.0 = Debug|Any CPU
		{46FE6DA4-0718-43D7-B3E1-1B4903788B85}.Release|Android.ActiveCfg = Release|Any CPU
		{46FE6DA4-0718-43D7-B3E1-1B4903788B85}.Release|Android.Build.0 = Release|Any CPU
		{46FE6DA4-0718-43D7-B3E1-1B4903788B85}.Release|Any CPU.ActiveCfg = Release|Any CPU
		{46FE6DA4-0718-43D7-B3E1-1B4903788B85}.Release|Any CPU.Build.0 = Release|Any CPU
		{46FE6DA4-0718-43D7-B3E1-1B4903788B85}.Release|iOS.ActiveCfg = Release|Any CPU
		{46FE6DA4-0718-43D7-B3E1-1B4903788B85}.Release|iOS.Build.0 = Release|Any CPU
		{46FE6DA4-0718-43D7-B3E1-1B4903788B85}.Release|Windows Phone (Universal).ActiveCfg = Release|Any CPU
		{46FE6DA4-0718-43D7-B3E1-1B4903788B85}.Release|Windows Phone (Universal).Build.0 = Release|Any CPU
		{46FE6DA4-0718-43D7-B3E1-1B4903788B85}.Release|Windows Phone 8.ActiveCfg = Release|Any CPU
		{46FE6DA4-0718-43D7-B3E1-1B4903788B85}.Release|Windows Phone 8.Build.0 = Release|Any CPU
		{46FE6DA4-0718-43D7-B3E1-1B4903788B85}.Release|Windows-AnyCPU.ActiveCfg = Release|Any CPU
		{46FE6DA4-0718-43D7-B3E1-1B4903788B85}.Release|Windows-AnyCPU.Build.0 = Release|Any CPU
		{46FE6DA4-0718-43D7-B3E1-1B4903788B85}.Release|Windows-ARM.ActiveCfg = Release|Any CPU
		{46FE6DA4-0718-43D7-B3E1-1B4903788B85}.Release|Windows-ARM.Build.0 = Release|Any CPU
		{46FE6DA4-0718-43D7-B3E1-1B4903788B85}.Release|Windows-x64.ActiveCfg = Release|Any CPU
		{46FE6DA4-0718-43D7-B3E1-1B4903788B85}.Release|Windows-x64.Build.0 = Release|Any CPU
		{46FE6DA4-0718-43D7-B3E1-1B4903788B85}.Release|Windows-x86.ActiveCfg = Release|Any CPU
		{46FE6DA4-0718-43D7-B3E1-1B4903788B85}.Release|Windows-x86.Build.0 = Release|Any CPU
		{46FE6DA4-0718-43D7-B3E1-1B4903788B85}.Release|x86.ActiveCfg = Release|Any CPU
		{46FE6DA4-0718-43D7-B3E1-1B4903788B85}.Release|x86.Build.0 = Release|Any CPU
		{30FA0D95-5CC1-4425-B018-2D5E7AEFEE79}.Debug|Android.ActiveCfg = Debug|Any CPU
		{30FA0D95-5CC1-4425-B018-2D5E7AEFEE79}.Debug|Android.Build.0 = Debug|Any CPU
		{30FA0D95-5CC1-4425-B018-2D5E7AEFEE79}.Debug|Any CPU.ActiveCfg = Debug|Any CPU
		{30FA0D95-5CC1-4425-B018-2D5E7AEFEE79}.Debug|Any CPU.Build.0 = Debug|Any CPU
		{30FA0D95-5CC1-4425-B018-2D5E7AEFEE79}.Debug|iOS.ActiveCfg = Debug|Any CPU
		{30FA0D95-5CC1-4425-B018-2D5E7AEFEE79}.Debug|iOS.Build.0 = Debug|Any CPU
		{30FA0D95-5CC1-4425-B018-2D5E7AEFEE79}.Debug|Windows Phone (Universal).ActiveCfg = Debug|Any CPU
		{30FA0D95-5CC1-4425-B018-2D5E7AEFEE79}.Debug|Windows Phone (Universal).Build.0 = Debug|Any CPU
		{30FA0D95-5CC1-4425-B018-2D5E7AEFEE79}.Debug|Windows Phone 8.ActiveCfg = Debug|Any CPU
		{30FA0D95-5CC1-4425-B018-2D5E7AEFEE79}.Debug|Windows Phone 8.Build.0 = Debug|Any CPU
		{30FA0D95-5CC1-4425-B018-2D5E7AEFEE79}.Debug|Windows-AnyCPU.ActiveCfg = Debug|Any CPU
		{30FA0D95-5CC1-4425-B018-2D5E7AEFEE79}.Debug|Windows-AnyCPU.Build.0 = Debug|Any CPU
		{30FA0D95-5CC1-4425-B018-2D5E7AEFEE79}.Debug|Windows-ARM.ActiveCfg = Debug|Any CPU
		{30FA0D95-5CC1-4425-B018-2D5E7AEFEE79}.Debug|Windows-ARM.Build.0 = Debug|Any CPU
		{30FA0D95-5CC1-4425-B018-2D5E7AEFEE79}.Debug|Windows-x64.ActiveCfg = Debug|Any CPU
		{30FA0D95-5CC1-4425-B018-2D5E7AEFEE79}.Debug|Windows-x64.Build.0 = Debug|Any CPU
		{30FA0D95-5CC1-4425-B018-2D5E7AEFEE79}.Debug|Windows-x86.ActiveCfg = Debug|Any CPU
		{30FA0D95-5CC1-4425-B018-2D5E7AEFEE79}.Debug|Windows-x86.Build.0 = Debug|Any CPU
		{30FA0D95-5CC1-4425-B018-2D5E7AEFEE79}.Debug|x86.ActiveCfg = Debug|Any CPU
		{30FA0D95-5CC1-4425-B018-2D5E7AEFEE79}.Debug|x86.Build.0 = Debug|Any CPU
		{30FA0D95-5CC1-4425-B018-2D5E7AEFEE79}.Release|Android.ActiveCfg = Release|Any CPU
		{30FA0D95-5CC1-4425-B018-2D5E7AEFEE79}.Release|Android.Build.0 = Release|Any CPU
		{30FA0D95-5CC1-4425-B018-2D5E7AEFEE79}.Release|Any CPU.ActiveCfg = Release|Any CPU
		{30FA0D95-5CC1-4425-B018-2D5E7AEFEE79}.Release|Any CPU.Build.0 = Release|Any CPU
		{30FA0D95-5CC1-4425-B018-2D5E7AEFEE79}.Release|iOS.ActiveCfg = Release|Any CPU
		{30FA0D95-5CC1-4425-B018-2D5E7AEFEE79}.Release|iOS.Build.0 = Release|Any CPU
		{30FA0D95-5CC1-4425-B018-2D5E7AEFEE79}.Release|Windows Phone (Universal).ActiveCfg = Release|Any CPU
		{30FA0D95-5CC1-4425-B018-2D5E7AEFEE79}.Release|Windows Phone (Universal).Build.0 = Release|Any CPU
		{30FA0D95-5CC1-4425-B018-2D5E7AEFEE79}.Release|Windows Phone 8.ActiveCfg = Release|Any CPU
		{30FA0D95-5CC1-4425-B018-2D5E7AEFEE79}.Release|Windows Phone 8.Build.0 = Release|Any CPU
		{30FA0D95-5CC1-4425-B018-2D5E7AEFEE79}.Release|Windows-AnyCPU.ActiveCfg = Release|Any CPU
		{30FA0D95-5CC1-4425-B018-2D5E7AEFEE79}.Release|Windows-AnyCPU.Build.0 = Release|Any CPU
		{30FA0D95-5CC1-4425-B018-2D5E7AEFEE79}.Release|Windows-ARM.ActiveCfg = Release|Any CPU
		{30FA0D95-5CC1-4425-B018-2D5E7AEFEE79}.Release|Windows-ARM.Build.0 = Release|Any CPU
		{30FA0D95-5CC1-4425-B018-2D5E7AEFEE79}.Release|Windows-x64.ActiveCfg = Release|Any CPU
		{30FA0D95-5CC1-4425-B018-2D5E7AEFEE79}.Release|Windows-x64.Build.0 = Release|Any CPU
		{30FA0D95-5CC1-4425-B018-2D5E7AEFEE79}.Release|Windows-x86.ActiveCfg = Release|Any CPU
		{30FA0D95-5CC1-4425-B018-2D5E7AEFEE79}.Release|Windows-x86.Build.0 = Release|Any CPU
		{30FA0D95-5CC1-4425-B018-2D5E7AEFEE79}.Release|x86.ActiveCfg = Release|Any CPU
		{30FA0D95-5CC1-4425-B018-2D5E7AEFEE79}.Release|x86.Build.0 = Release|Any CPU
		{FB335F6E-24BC-44E1-9FAD-66DCA369BB29}.Debug|Android.ActiveCfg = Debug|Any CPU
		{FB335F6E-24BC-44E1-9FAD-66DCA369BB29}.Debug|Android.Build.0 = Debug|Any CPU
		{FB335F6E-24BC-44E1-9FAD-66DCA369BB29}.Debug|Any CPU.ActiveCfg = Debug|Any CPU
		{FB335F6E-24BC-44E1-9FAD-66DCA369BB29}.Debug|Any CPU.Build.0 = Debug|Any CPU
		{FB335F6E-24BC-44E1-9FAD-66DCA369BB29}.Debug|iOS.ActiveCfg = Debug|Any CPU
		{FB335F6E-24BC-44E1-9FAD-66DCA369BB29}.Debug|iOS.Build.0 = Debug|Any CPU
		{FB335F6E-24BC-44E1-9FAD-66DCA369BB29}.Debug|Windows Phone (Universal).ActiveCfg = Debug|Any CPU
		{FB335F6E-24BC-44E1-9FAD-66DCA369BB29}.Debug|Windows Phone (Universal).Build.0 = Debug|Any CPU
		{FB335F6E-24BC-44E1-9FAD-66DCA369BB29}.Debug|Windows Phone 8.ActiveCfg = Debug|Any CPU
		{FB335F6E-24BC-44E1-9FAD-66DCA369BB29}.Debug|Windows Phone 8.Build.0 = Debug|Any CPU
		{FB335F6E-24BC-44E1-9FAD-66DCA369BB29}.Debug|Windows-AnyCPU.ActiveCfg = Debug|Any CPU
		{FB335F6E-24BC-44E1-9FAD-66DCA369BB29}.Debug|Windows-AnyCPU.Build.0 = Debug|Any CPU
		{FB335F6E-24BC-44E1-9FAD-66DCA369BB29}.Debug|Windows-ARM.ActiveCfg = Debug|Any CPU
		{FB335F6E-24BC-44E1-9FAD-66DCA369BB29}.Debug|Windows-ARM.Build.0 = Debug|Any CPU
		{FB335F6E-24BC-44E1-9FAD-66DCA369BB29}.Debug|Windows-x64.ActiveCfg = Debug|Any CPU
		{FB335F6E-24BC-44E1-9FAD-66DCA369BB29}.Debug|Windows-x64.Build.0 = Debug|Any CPU
		{FB335F6E-24BC-44E1-9FAD-66DCA369BB29}.Debug|Windows-x86.ActiveCfg = Debug|Any CPU
		{FB335F6E-24BC-44E1-9FAD-66DCA369BB29}.Debug|Windows-x86.Build.0 = Debug|Any CPU
		{FB335F6E-24BC-44E1-9FAD-66DCA369BB29}.Debug|x86.ActiveCfg = Debug|Any CPU
		{FB335F6E-24BC-44E1-9FAD-66DCA369BB29}.Debug|x86.Build.0 = Debug|Any CPU
		{FB335F6E-24BC-44E1-9FAD-66DCA369BB29}.Release|Android.ActiveCfg = Release|Any CPU
		{FB335F6E-24BC-44E1-9FAD-66DCA369BB29}.Release|Android.Build.0 = Release|Any CPU
		{FB335F6E-24BC-44E1-9FAD-66DCA369BB29}.Release|Any CPU.ActiveCfg = Release|Any CPU
		{FB335F6E-24BC-44E1-9FAD-66DCA369BB29}.Release|Any CPU.Build.0 = Release|Any CPU
		{FB335F6E-24BC-44E1-9FAD-66DCA369BB29}.Release|iOS.ActiveCfg = Release|Any CPU
		{FB335F6E-24BC-44E1-9FAD-66DCA369BB29}.Release|iOS.Build.0 = Release|Any CPU
		{FB335F6E-24BC-44E1-9FAD-66DCA369BB29}.Release|Windows Phone (Universal).ActiveCfg = Release|Any CPU
		{FB335F6E-24BC-44E1-9FAD-66DCA369BB29}.Release|Windows Phone (Universal).Build.0 = Release|Any CPU
		{FB335F6E-24BC-44E1-9FAD-66DCA369BB29}.Release|Windows Phone 8.ActiveCfg = Release|Any CPU
		{FB335F6E-24BC-44E1-9FAD-66DCA369BB29}.Release|Windows Phone 8.Build.0 = Release|Any CPU
		{FB335F6E-24BC-44E1-9FAD-66DCA369BB29}.Release|Windows-AnyCPU.ActiveCfg = Release|Any CPU
		{FB335F6E-24BC-44E1-9FAD-66DCA369BB29}.Release|Windows-AnyCPU.Build.0 = Release|Any CPU
		{FB335F6E-24BC-44E1-9FAD-66DCA369BB29}.Release|Windows-ARM.ActiveCfg = Release|Any CPU
		{FB335F6E-24BC-44E1-9FAD-66DCA369BB29}.Release|Windows-ARM.Build.0 = Release|Any CPU
		{FB335F6E-24BC-44E1-9FAD-66DCA369BB29}.Release|Windows-x64.ActiveCfg = Release|Any CPU
		{FB335F6E-24BC-44E1-9FAD-66DCA369BB29}.Release|Windows-x64.Build.0 = Release|Any CPU
		{FB335F6E-24BC-44E1-9FAD-66DCA369BB29}.Release|Windows-x86.ActiveCfg = Release|Any CPU
		{FB335F6E-24BC-44E1-9FAD-66DCA369BB29}.Release|Windows-x86.Build.0 = Release|Any CPU
		{FB335F6E-24BC-44E1-9FAD-66DCA369BB29}.Release|x86.ActiveCfg = Release|Any CPU
		{FB335F6E-24BC-44E1-9FAD-66DCA369BB29}.Release|x86.Build.0 = Release|Any CPU
		{39603101-87BE-4A9F-BE2B-5A54E13A4FF5}.Debug|Android.ActiveCfg = Debug|Any CPU
		{39603101-87BE-4A9F-BE2B-5A54E13A4FF5}.Debug|Android.Build.0 = Debug|Any CPU
		{39603101-87BE-4A9F-BE2B-5A54E13A4FF5}.Debug|Any CPU.ActiveCfg = Debug|Any CPU
		{39603101-87BE-4A9F-BE2B-5A54E13A4FF5}.Debug|Any CPU.Build.0 = Debug|Any CPU
		{39603101-87BE-4A9F-BE2B-5A54E13A4FF5}.Debug|iOS.ActiveCfg = Debug|Any CPU
		{39603101-87BE-4A9F-BE2B-5A54E13A4FF5}.Debug|iOS.Build.0 = Debug|Any CPU
		{39603101-87BE-4A9F-BE2B-5A54E13A4FF5}.Debug|Windows Phone (Universal).ActiveCfg = Debug|Any CPU
		{39603101-87BE-4A9F-BE2B-5A54E13A4FF5}.Debug|Windows Phone (Universal).Build.0 = Debug|Any CPU
		{39603101-87BE-4A9F-BE2B-5A54E13A4FF5}.Debug|Windows Phone 8.ActiveCfg = Debug|Any CPU
		{39603101-87BE-4A9F-BE2B-5A54E13A4FF5}.Debug|Windows Phone 8.Build.0 = Debug|Any CPU
		{39603101-87BE-4A9F-BE2B-5A54E13A4FF5}.Debug|Windows-AnyCPU.ActiveCfg = Debug|Any CPU
		{39603101-87BE-4A9F-BE2B-5A54E13A4FF5}.Debug|Windows-AnyCPU.Build.0 = Debug|Any CPU
		{39603101-87BE-4A9F-BE2B-5A54E13A4FF5}.Debug|Windows-ARM.ActiveCfg = Debug|Any CPU
		{39603101-87BE-4A9F-BE2B-5A54E13A4FF5}.Debug|Windows-ARM.Build.0 = Debug|Any CPU
		{39603101-87BE-4A9F-BE2B-5A54E13A4FF5}.Debug|Windows-x64.ActiveCfg = Debug|Any CPU
		{39603101-87BE-4A9F-BE2B-5A54E13A4FF5}.Debug|Windows-x64.Build.0 = Debug|Any CPU
		{39603101-87BE-4A9F-BE2B-5A54E13A4FF5}.Debug|Windows-x86.ActiveCfg = Debug|Any CPU
		{39603101-87BE-4A9F-BE2B-5A54E13A4FF5}.Debug|Windows-x86.Build.0 = Debug|Any CPU
		{39603101-87BE-4A9F-BE2B-5A54E13A4FF5}.Debug|x86.ActiveCfg = Debug|Any CPU
		{39603101-87BE-4A9F-BE2B-5A54E13A4FF5}.Debug|x86.Build.0 = Debug|Any CPU
		{39603101-87BE-4A9F-BE2B-5A54E13A4FF5}.Release|Android.ActiveCfg = Release|Any CPU
		{39603101-87BE-4A9F-BE2B-5A54E13A4FF5}.Release|Android.Build.0 = Release|Any CPU
		{39603101-87BE-4A9F-BE2B-5A54E13A4FF5}.Release|Any CPU.ActiveCfg = Release|Any CPU
		{39603101-87BE-4A9F-BE2B-5A54E13A4FF5}.Release|Any CPU.Build.0 = Release|Any CPU
		{39603101-87BE-4A9F-BE2B-5A54E13A4FF5}.Release|iOS.ActiveCfg = Release|Any CPU
		{39603101-87BE-4A9F-BE2B-5A54E13A4FF5}.Release|iOS.Build.0 = Release|Any CPU
		{39603101-87BE-4A9F-BE2B-5A54E13A4FF5}.Release|Windows Phone (Universal).ActiveCfg = Release|Any CPU
		{39603101-87BE-4A9F-BE2B-5A54E13A4FF5}.Release|Windows Phone (Universal).Build.0 = Release|Any CPU
		{39603101-87BE-4A9F-BE2B-5A54E13A4FF5}.Release|Windows Phone 8.ActiveCfg = Release|Any CPU
		{39603101-87BE-4A9F-BE2B-5A54E13A4FF5}.Release|Windows Phone 8.Build.0 = Release|Any CPU
		{39603101-87BE-4A9F-BE2B-5A54E13A4FF5}.Release|Windows-AnyCPU.ActiveCfg = Release|Any CPU
		{39603101-87BE-4A9F-BE2B-5A54E13A4FF5}.Release|Windows-AnyCPU.Build.0 = Release|Any CPU
		{39603101-87BE-4A9F-BE2B-5A54E13A4FF5}.Release|Windows-ARM.ActiveCfg = Release|Any CPU
		{39603101-87BE-4A9F-BE2B-5A54E13A4FF5}.Release|Windows-ARM.Build.0 = Release|Any CPU
		{39603101-87BE-4A9F-BE2B-5A54E13A4FF5}.Release|Windows-x64.ActiveCfg = Release|Any CPU
		{39603101-87BE-4A9F-BE2B-5A54E13A4FF5}.Release|Windows-x64.Build.0 = Release|Any CPU
		{39603101-87BE-4A9F-BE2B-5A54E13A4FF5}.Release|Windows-x86.ActiveCfg = Release|Any CPU
		{39603101-87BE-4A9F-BE2B-5A54E13A4FF5}.Release|Windows-x86.Build.0 = Release|Any CPU
		{39603101-87BE-4A9F-BE2B-5A54E13A4FF5}.Release|x86.ActiveCfg = Release|Any CPU
		{39603101-87BE-4A9F-BE2B-5A54E13A4FF5}.Release|x86.Build.0 = Release|Any CPU
		{B640C449-1EC7-4E87-88C9-90CE294EA3C5}.Debug|Android.ActiveCfg = Debug|Any CPU
		{B640C449-1EC7-4E87-88C9-90CE294EA3C5}.Debug|Android.Build.0 = Debug|Any CPU
		{B640C449-1EC7-4E87-88C9-90CE294EA3C5}.Debug|Any CPU.ActiveCfg = Debug|Any CPU
		{B640C449-1EC7-4E87-88C9-90CE294EA3C5}.Debug|Any CPU.Build.0 = Debug|Any CPU
		{B640C449-1EC7-4E87-88C9-90CE294EA3C5}.Debug|iOS.ActiveCfg = Debug|Any CPU
		{B640C449-1EC7-4E87-88C9-90CE294EA3C5}.Debug|iOS.Build.0 = Debug|Any CPU
		{B640C449-1EC7-4E87-88C9-90CE294EA3C5}.Debug|Windows Phone (Universal).ActiveCfg = Debug|Any CPU
		{B640C449-1EC7-4E87-88C9-90CE294EA3C5}.Debug|Windows Phone (Universal).Build.0 = Debug|Any CPU
		{B640C449-1EC7-4E87-88C9-90CE294EA3C5}.Debug|Windows Phone 8.ActiveCfg = Debug|Any CPU
		{B640C449-1EC7-4E87-88C9-90CE294EA3C5}.Debug|Windows Phone 8.Build.0 = Debug|Any CPU
		{B640C449-1EC7-4E87-88C9-90CE294EA3C5}.Debug|Windows-AnyCPU.ActiveCfg = Debug|Any CPU
		{B640C449-1EC7-4E87-88C9-90CE294EA3C5}.Debug|Windows-AnyCPU.Build.0 = Debug|Any CPU
		{B640C449-1EC7-4E87-88C9-90CE294EA3C5}.Debug|Windows-ARM.ActiveCfg = Debug|Any CPU
		{B640C449-1EC7-4E87-88C9-90CE294EA3C5}.Debug|Windows-ARM.Build.0 = Debug|Any CPU
		{B640C449-1EC7-4E87-88C9-90CE294EA3C5}.Debug|Windows-x64.ActiveCfg = Debug|Any CPU
		{B640C449-1EC7-4E87-88C9-90CE294EA3C5}.Debug|Windows-x64.Build.0 = Debug|Any CPU
		{B640C449-1EC7-4E87-88C9-90CE294EA3C5}.Debug|Windows-x86.ActiveCfg = Debug|Any CPU
		{B640C449-1EC7-4E87-88C9-90CE294EA3C5}.Debug|Windows-x86.Build.0 = Debug|Any CPU
		{B640C449-1EC7-4E87-88C9-90CE294EA3C5}.Debug|x86.ActiveCfg = Debug|Any CPU
		{B640C449-1EC7-4E87-88C9-90CE294EA3C5}.Debug|x86.Build.0 = Debug|Any CPU
		{B640C449-1EC7-4E87-88C9-90CE294EA3C5}.Release|Android.ActiveCfg = Release|Any CPU
		{B640C449-1EC7-4E87-88C9-90CE294EA3C5}.Release|Android.Build.0 = Release|Any CPU
		{B640C449-1EC7-4E87-88C9-90CE294EA3C5}.Release|Any CPU.ActiveCfg = Release|Any CPU
		{B640C449-1EC7-4E87-88C9-90CE294EA3C5}.Release|Any CPU.Build.0 = Release|Any CPU
		{B640C449-1EC7-4E87-88C9-90CE294EA3C5}.Release|iOS.ActiveCfg = Release|Any CPU
		{B640C449-1EC7-4E87-88C9-90CE294EA3C5}.Release|iOS.Build.0 = Release|Any CPU
		{B640C449-1EC7-4E87-88C9-90CE294EA3C5}.Release|Windows Phone (Universal).ActiveCfg = Release|Any CPU
		{B640C449-1EC7-4E87-88C9-90CE294EA3C5}.Release|Windows Phone (Universal).Build.0 = Release|Any CPU
		{B640C449-1EC7-4E87-88C9-90CE294EA3C5}.Release|Windows Phone 8.ActiveCfg = Release|Any CPU
		{B640C449-1EC7-4E87-88C9-90CE294EA3C5}.Release|Windows Phone 8.Build.0 = Release|Any CPU
		{B640C449-1EC7-4E87-88C9-90CE294EA3C5}.Release|Windows-AnyCPU.ActiveCfg = Release|Any CPU
		{B640C449-1EC7-4E87-88C9-90CE294EA3C5}.Release|Windows-AnyCPU.Build.0 = Release|Any CPU
		{B640C449-1EC7-4E87-88C9-90CE294EA3C5}.Release|Windows-ARM.ActiveCfg = Release|Any CPU
		{B640C449-1EC7-4E87-88C9-90CE294EA3C5}.Release|Windows-ARM.Build.0 = Release|Any CPU
		{B640C449-1EC7-4E87-88C9-90CE294EA3C5}.Release|Windows-x64.ActiveCfg = Release|Any CPU
		{B640C449-1EC7-4E87-88C9-90CE294EA3C5}.Release|Windows-x64.Build.0 = Release|Any CPU
		{B640C449-1EC7-4E87-88C9-90CE294EA3C5}.Release|Windows-x86.ActiveCfg = Release|Any CPU
		{B640C449-1EC7-4E87-88C9-90CE294EA3C5}.Release|Windows-x86.Build.0 = Release|Any CPU
		{B640C449-1EC7-4E87-88C9-90CE294EA3C5}.Release|x86.ActiveCfg = Release|Any CPU
		{B640C449-1EC7-4E87-88C9-90CE294EA3C5}.Release|x86.Build.0 = Release|Any CPU
		{BB938F25-4B88-48D4-A8A3-F7DDEFC3F550}.Debug|Android.ActiveCfg = Debug|Any CPU
		{BB938F25-4B88-48D4-A8A3-F7DDEFC3F550}.Debug|Android.Build.0 = Debug|Any CPU
		{BB938F25-4B88-48D4-A8A3-F7DDEFC3F550}.Debug|Any CPU.ActiveCfg = Debug|Any CPU
		{BB938F25-4B88-48D4-A8A3-F7DDEFC3F550}.Debug|Any CPU.Build.0 = Debug|Any CPU
		{BB938F25-4B88-48D4-A8A3-F7DDEFC3F550}.Debug|iOS.ActiveCfg = Debug|Any CPU
		{BB938F25-4B88-48D4-A8A3-F7DDEFC3F550}.Debug|iOS.Build.0 = Debug|Any CPU
		{BB938F25-4B88-48D4-A8A3-F7DDEFC3F550}.Debug|Windows Phone (Universal).ActiveCfg = Debug|Any CPU
		{BB938F25-4B88-48D4-A8A3-F7DDEFC3F550}.Debug|Windows Phone (Universal).Build.0 = Debug|Any CPU
		{BB938F25-4B88-48D4-A8A3-F7DDEFC3F550}.Debug|Windows Phone 8.ActiveCfg = Debug|Any CPU
		{BB938F25-4B88-48D4-A8A3-F7DDEFC3F550}.Debug|Windows Phone 8.Build.0 = Debug|Any CPU
		{BB938F25-4B88-48D4-A8A3-F7DDEFC3F550}.Debug|Windows-AnyCPU.ActiveCfg = Debug|Any CPU
		{BB938F25-4B88-48D4-A8A3-F7DDEFC3F550}.Debug|Windows-AnyCPU.Build.0 = Debug|Any CPU
		{BB938F25-4B88-48D4-A8A3-F7DDEFC3F550}.Debug|Windows-ARM.ActiveCfg = Debug|Any CPU
		{BB938F25-4B88-48D4-A8A3-F7DDEFC3F550}.Debug|Windows-ARM.Build.0 = Debug|Any CPU
		{BB938F25-4B88-48D4-A8A3-F7DDEFC3F550}.Debug|Windows-x64.ActiveCfg = Debug|Any CPU
		{BB938F25-4B88-48D4-A8A3-F7DDEFC3F550}.Debug|Windows-x64.Build.0 = Debug|Any CPU
		{BB938F25-4B88-48D4-A8A3-F7DDEFC3F550}.Debug|Windows-x86.ActiveCfg = Debug|Any CPU
		{BB938F25-4B88-48D4-A8A3-F7DDEFC3F550}.Debug|Windows-x86.Build.0 = Debug|Any CPU
		{BB938F25-4B88-48D4-A8A3-F7DDEFC3F550}.Debug|x86.ActiveCfg = Debug|Any CPU
		{BB938F25-4B88-48D4-A8A3-F7DDEFC3F550}.Debug|x86.Build.0 = Debug|Any CPU
		{BB938F25-4B88-48D4-A8A3-F7DDEFC3F550}.Release|Android.ActiveCfg = Release|Any CPU
		{BB938F25-4B88-48D4-A8A3-F7DDEFC3F550}.Release|Android.Build.0 = Release|Any CPU
		{BB938F25-4B88-48D4-A8A3-F7DDEFC3F550}.Release|Any CPU.ActiveCfg = Release|Any CPU
		{BB938F25-4B88-48D4-A8A3-F7DDEFC3F550}.Release|Any CPU.Build.0 = Release|Any CPU
		{BB938F25-4B88-48D4-A8A3-F7DDEFC3F550}.Release|iOS.ActiveCfg = Release|Any CPU
		{BB938F25-4B88-48D4-A8A3-F7DDEFC3F550}.Release|iOS.Build.0 = Release|Any CPU
		{BB938F25-4B88-48D4-A8A3-F7DDEFC3F550}.Release|Windows Phone (Universal).ActiveCfg = Release|Any CPU
		{BB938F25-4B88-48D4-A8A3-F7DDEFC3F550}.Release|Windows Phone (Universal).Build.0 = Release|Any CPU
		{BB938F25-4B88-48D4-A8A3-F7DDEFC3F550}.Release|Windows Phone 8.ActiveCfg = Release|Any CPU
		{BB938F25-4B88-48D4-A8A3-F7DDEFC3F550}.Release|Windows Phone 8.Build.0 = Release|Any CPU
		{BB938F25-4B88-48D4-A8A3-F7DDEFC3F550}.Release|Windows-AnyCPU.ActiveCfg = Release|Any CPU
		{BB938F25-4B88-48D4-A8A3-F7DDEFC3F550}.Release|Windows-AnyCPU.Build.0 = Release|Any CPU
		{BB938F25-4B88-48D4-A8A3-F7DDEFC3F550}.Release|Windows-ARM.ActiveCfg = Release|Any CPU
		{BB938F25-4B88-48D4-A8A3-F7DDEFC3F550}.Release|Windows-ARM.Build.0 = Release|Any CPU
		{BB938F25-4B88-48D4-A8A3-F7DDEFC3F550}.Release|Windows-x64.ActiveCfg = Release|Any CPU
		{BB938F25-4B88-48D4-A8A3-F7DDEFC3F550}.Release|Windows-x64.Build.0 = Release|Any CPU
		{BB938F25-4B88-48D4-A8A3-F7DDEFC3F550}.Release|Windows-x86.ActiveCfg = Release|Any CPU
		{BB938F25-4B88-48D4-A8A3-F7DDEFC3F550}.Release|Windows-x86.Build.0 = Release|Any CPU
		{BB938F25-4B88-48D4-A8A3-F7DDEFC3F550}.Release|x86.ActiveCfg = Release|Any CPU
		{BB938F25-4B88-48D4-A8A3-F7DDEFC3F550}.Release|x86.Build.0 = Release|Any CPU
	EndGlobalSection
	GlobalSection(SolutionProperties) = preSolution
		HideSolutionNode = FALSE
	EndGlobalSection
	GlobalSection(NestedProjects) = preSolution
		{3CFC8A38-C190-4CD1-B421-F2933D5A9E17} = {078EE768-C5E7-4228-B6DE-47AB8668F131}
		{E9B66F6F-39F0-4E1C-8880-7EEE65994CCD} = {078EE768-C5E7-4228-B6DE-47AB8668F131}
		{B9561490-D977-4C76-96E4-55E37A76E416} = {078EE768-C5E7-4228-B6DE-47AB8668F131}
		{873772E6-C00B-4AD8-8961-8BFFAE6BC81C} = {078EE768-C5E7-4228-B6DE-47AB8668F131}
		{559BD085-DAF1-4EBA-A1B4-C8B4AA4EB269} = {078EE768-C5E7-4228-B6DE-47AB8668F131}
		{79806BCF-BE2B-4261-B3F0-410F0BF25641} = {078EE768-C5E7-4228-B6DE-47AB8668F131}
		{570C4E73-AC87-4382-917C-8E044F272211} = {078EE768-C5E7-4228-B6DE-47AB8668F131}
		{9B04E1CE-EFB0-45DA-8EF4-0DC0AD309779} = {078EE768-C5E7-4228-B6DE-47AB8668F131}
		{4BE32884-34D7-4F4E-8D6A-8CA091F65985} = {EA2F9500-F1AF-48AA-B596-80AC7220CB75}
		{46FE6DA4-0718-43D7-B3E1-1B4903788B85} = {EA2F9500-F1AF-48AA-B596-80AC7220CB75}
		{30FA0D95-5CC1-4425-B018-2D5E7AEFEE79} = {EA2F9500-F1AF-48AA-B596-80AC7220CB75}
		{FB335F6E-24BC-44E1-9FAD-66DCA369BB29} = {EA2F9500-F1AF-48AA-B596-80AC7220CB75}
		{39603101-87BE-4A9F-BE2B-5A54E13A4FF5} = {EA2F9500-F1AF-48AA-B596-80AC7220CB75}
		{B640C449-1EC7-4E87-88C9-90CE294EA3C5} = {EA2F9500-F1AF-48AA-B596-80AC7220CB75}
		{BB938F25-4B88-48D4-A8A3-F7DDEFC3F550} = {8EB36ED5-9AD0-4C4D-9BE3-E79CA76B2417}
	EndGlobalSection
EndGlobal
